// !$*UTF8*$!
{
	archiveVersion = 1;
	classes = {
	};
	objectVersion = 46;
	objects = {

/* Begin PBXBuildFile section */
		6536CD8D19A6C9A800DD7715 /* DBClientInterfaceTests.mm in Sources */ = {isa = PBXBuildFile; fileRef = 6536CD7A19A6C99800DD7715 /* DBClientInterfaceTests.mm */; };
		6536CD8E19A6C9A800DD7715 /* DBCppExceptionTests.mm in Sources */ = {isa = PBXBuildFile; fileRef = 6536CD7B19A6C99800DD7715 /* DBCppExceptionTests.mm */; };
		6536CD8F19A6C9A800DD7715 /* DBMapRecordTests.mm in Sources */ = {isa = PBXBuildFile; fileRef = 6536CD7C19A6C99800DD7715 /* DBMapRecordTests.mm */; };
		6536CD9019A6C9A800DD7715 /* DBNestedCollectionTests.mm in Sources */ = {isa = PBXBuildFile; fileRef = 6536CD7D19A6C99800DD7715 /* DBNestedCollectionTests.mm */; };
		6536CD9119A6C9A800DD7715 /* DBPrimitiveListTests.mm in Sources */ = {isa = PBXBuildFile; fileRef = 6536CD7E19A6C99800DD7715 /* DBPrimitiveListTests.mm */; };
		6536CD9219A6C9A800DD7715 /* DBRecordWithDerivingsCppTests.mm in Sources */ = {isa = PBXBuildFile; fileRef = 6536CD7F19A6C99800DD7715 /* DBRecordWithDerivingsCppTests.mm */; };
		6536CD9319A6C9A800DD7715 /* DBRecordWithDerivingsObjcTests.mm in Sources */ = {isa = PBXBuildFile; fileRef = 6536CD8019A6C99800DD7715 /* DBRecordWithDerivingsObjcTests.mm */; };
		6536CD9419A6C9A800DD7715 /* DBSetRecordTests.mm in Sources */ = {isa = PBXBuildFile; fileRef = 6536CD8119A6C99800DD7715 /* DBSetRecordTests.mm */; };
		65868B4E1989FE4200D60EEE /* Foundation.framework in Frameworks */ = {isa = PBXBuildFile; fileRef = 65868B4D1989FE4200D60EEE /* Foundation.framework */; };
		65868B5C1989FE4200D60EEE /* XCTest.framework in Frameworks */ = {isa = PBXBuildFile; fileRef = 65868B5B1989FE4200D60EEE /* XCTest.framework */; };
		65868B5D1989FE4200D60EEE /* Foundation.framework in Frameworks */ = {isa = PBXBuildFile; fileRef = 65868B4D1989FE4200D60EEE /* Foundation.framework */; };
		65868B5F1989FE4200D60EEE /* UIKit.framework in Frameworks */ = {isa = PBXBuildFile; fileRef = 65868B5E1989FE4200D60EEE /* UIKit.framework */; };
		65868B621989FE4200D60EEE /* libDjinniObjcTest.a in Frameworks */ = {isa = PBXBuildFile; fileRef = 65868B4A1989FE4200D60EEE /* libDjinniObjcTest.a */; };
		6D66A8A91A3B09F000B312E8 /* DBConstantTests.mm in Sources */ = {isa = PBXBuildFile; fileRef = 6D66A8A81A3B09F000B312E8 /* DBConstantTests.mm */; };
		CFB2078F1ADBA59600F1ADA8 /* test_helpers.cpp in Sources */ = {isa = PBXBuildFile; fileRef = A278D45219BA3601006FD937 /* test_helpers.cpp */; };
		CFB207901ADBA59600F1ADA8 /* cpp_exception_impl.cpp in Sources */ = {isa = PBXBuildFile; fileRef = 6536CD7619A6C98800DD7715 /* cpp_exception_impl.cpp */; };
		CFB207911ADBA59600F1ADA8 /* DBClientInterfaceImpl.mm in Sources */ = {isa = PBXBuildFile; fileRef = 6536CD7219A6C96C00DD7715 /* DBClientInterfaceImpl.mm */; };
		CFB207921ADBA5A000F1ADA8 /* DBDateRecordTests.mm in Sources */ = {isa = PBXBuildFile; fileRef = CFB2071B1ADBA4EE00F1ADA8 /* DBDateRecordTests.mm */; };
		CFB207931ADBA5C600F1ADA8 /* DJIError.mm in Sources */ = {isa = PBXBuildFile; fileRef = A2CB54B319BA6E6000A9E600 /* DJIError.mm */; };
		CFB207941ADBA5C600F1ADA8 /* DJIWeakPtrWrapper.mm in Sources */ = {isa = PBXBuildFile; fileRef = 6536CD6C19A6C82200DD7715 /* DJIWeakPtrWrapper.mm */; };
		CFB207951ADBA5C600F1ADA8 /* assorted_integers.cpp in Sources */ = {isa = PBXBuildFile; fileRef = CFB2071D1ADBA52500F1ADA8 /* assorted_integers.cpp */; };
		CFB207961ADBA5C600F1ADA8 /* constants.cpp in Sources */ = {isa = PBXBuildFile; fileRef = CFB207221ADBA52500F1ADA8 /* constants.cpp */; };
		CFB207971ADBA5C600F1ADA8 /* record_with_derivings.cpp in Sources */ = {isa = PBXBuildFile; fileRef = CFB2072B1ADBA52500F1ADA8 /* record_with_derivings.cpp */; };
		CFB207981ADBA5C600F1ADA8 /* record_with_nested_derivings.cpp in Sources */ = {isa = PBXBuildFile; fileRef = CFB2072D1ADBA52500F1ADA8 /* record_with_nested_derivings.cpp */; };
		CFB207991ADBA5C600F1ADA8 /* DBAssortedIntegers.mm in Sources */ = {isa = PBXBuildFile; fileRef = CFB207371ADBA53600F1ADA8 /* DBAssortedIntegers.mm */; };
		CFB2079A1ADBA5C600F1ADA8 /* DBClientReturnedRecord.mm in Sources */ = {isa = PBXBuildFile; fileRef = CFB2073A1ADBA53600F1ADA8 /* DBClientReturnedRecord.mm */; };
		CFB2079B1ADBA5C600F1ADA8 /* DBConstants.mm in Sources */ = {isa = PBXBuildFile; fileRef = CFB2073D1ADBA53600F1ADA8 /* DBConstants.mm */; };
		CFB2079C1ADBA5C600F1ADA8 /* DBDateRecord.mm in Sources */ = {isa = PBXBuildFile; fileRef = CFB207401ADBA53600F1ADA8 /* DBDateRecord.mm */; };
		CFB2079D1ADBA5C600F1ADA8 /* DBMapDateRecord.mm in Sources */ = {isa = PBXBuildFile; fileRef = CFB207421ADBA53600F1ADA8 /* DBMapDateRecord.mm */; };
		CFB2079E1ADBA5C600F1ADA8 /* DBMapListRecord.mm in Sources */ = {isa = PBXBuildFile; fileRef = CFB207441ADBA53600F1ADA8 /* DBMapListRecord.mm */; };
		CFB2079F1ADBA5C600F1ADA8 /* DBMapRecord.mm in Sources */ = {isa = PBXBuildFile; fileRef = CFB207461ADBA53600F1ADA8 /* DBMapRecord.mm */; };
		CFB207A01ADBA5C600F1ADA8 /* DBNestedCollection.mm in Sources */ = {isa = PBXBuildFile; fileRef = CFB207481ADBA53600F1ADA8 /* DBNestedCollection.mm */; };
		CFB207A11ADBA5C600F1ADA8 /* DBPrimitiveList.mm in Sources */ = {isa = PBXBuildFile; fileRef = CFB2074A1ADBA53600F1ADA8 /* DBPrimitiveList.mm */; };
		CFB207A21ADBA5C600F1ADA8 /* DBRecordWithDerivings.mm in Sources */ = {isa = PBXBuildFile; fileRef = CFB2074C1ADBA53600F1ADA8 /* DBRecordWithDerivings.mm */; };
		CFB207A31ADBA5C600F1ADA8 /* DBRecordWithNestedDerivings.mm in Sources */ = {isa = PBXBuildFile; fileRef = CFB2074E1ADBA53600F1ADA8 /* DBRecordWithNestedDerivings.mm */; };
		CFB207A41ADBA5C600F1ADA8 /* DBSetRecord.mm in Sources */ = {isa = PBXBuildFile; fileRef = CFB207501ADBA53600F1ADA8 /* DBSetRecord.mm */; };
		CFB207A51ADBA5C600F1ADA8 /* DBAssortedIntegers+Private.mm in Sources */ = {isa = PBXBuildFile; fileRef = CFB207601ADBA54300F1ADA8 /* DBAssortedIntegers+Private.mm */; };
		CFB207A61ADBA5C600F1ADA8 /* DBClientInterface+Private.mm in Sources */ = {isa = PBXBuildFile; fileRef = CFB207621ADBA54300F1ADA8 /* DBClientInterface+Private.mm */; };
		CFB207A71ADBA5C600F1ADA8 /* DBClientReturnedRecord+Private.mm in Sources */ = {isa = PBXBuildFile; fileRef = CFB207641ADBA54300F1ADA8 /* DBClientReturnedRecord+Private.mm */; };
		CFB207A81ADBA5C700F1ADA8 /* DBConstants+Private.mm in Sources */ = {isa = PBXBuildFile; fileRef = CFB207661ADBA54300F1ADA8 /* DBConstants+Private.mm */; };
		CFB207A91ADBA5C700F1ADA8 /* DBCppException+Private.mm in Sources */ = {isa = PBXBuildFile; fileRef = CFB207681ADBA54300F1ADA8 /* DBCppException+Private.mm */; };
		CFB207AA1ADBA5C700F1ADA8 /* DBDateRecord+Private.mm in Sources */ = {isa = PBXBuildFile; fileRef = CFB2076A1ADBA54300F1ADA8 /* DBDateRecord+Private.mm */; };
		CFB207AB1ADBA5C700F1ADA8 /* DBMapDateRecord+Private.mm in Sources */ = {isa = PBXBuildFile; fileRef = CFB2076C1ADBA54300F1ADA8 /* DBMapDateRecord+Private.mm */; };
		CFB207AC1ADBA5C700F1ADA8 /* DBMapListRecord+Private.mm in Sources */ = {isa = PBXBuildFile; fileRef = CFB2076E1ADBA54300F1ADA8 /* DBMapListRecord+Private.mm */; };
		CFB207AD1ADBA5C700F1ADA8 /* DBMapRecord+Private.mm in Sources */ = {isa = PBXBuildFile; fileRef = CFB207701ADBA54300F1ADA8 /* DBMapRecord+Private.mm */; };
		CFB207AE1ADBA5C700F1ADA8 /* DBNestedCollection+Private.mm in Sources */ = {isa = PBXBuildFile; fileRef = CFB207721ADBA54300F1ADA8 /* DBNestedCollection+Private.mm */; };
		CFB207AF1ADBA5C700F1ADA8 /* DBPrimitiveList+Private.mm in Sources */ = {isa = PBXBuildFile; fileRef = CFB207741ADBA54300F1ADA8 /* DBPrimitiveList+Private.mm */; };
		CFB207B01ADBA5C700F1ADA8 /* DBRecordWithDerivings+Private.mm in Sources */ = {isa = PBXBuildFile; fileRef = CFB207761ADBA54300F1ADA8 /* DBRecordWithDerivings+Private.mm */; };
		CFB207B11ADBA5C700F1ADA8 /* DBRecordWithNestedDerivings+Private.mm in Sources */ = {isa = PBXBuildFile; fileRef = CFB207781ADBA54300F1ADA8 /* DBRecordWithNestedDerivings+Private.mm */; };
		CFB207B21ADBA5C700F1ADA8 /* DBSetRecord+Private.mm in Sources */ = {isa = PBXBuildFile; fileRef = CFB2077A1ADBA54300F1ADA8 /* DBSetRecord+Private.mm */; };
		CFB207B31ADBA5C700F1ADA8 /* DBTestHelpers+Private.mm in Sources */ = {isa = PBXBuildFile; fileRef = CFB2077C1ADBA54300F1ADA8 /* DBTestHelpers+Private.mm */; };
		CFB207B41ADBA5C700F1ADA8 /* DBToken+Private.mm in Sources */ = {isa = PBXBuildFile; fileRef = CFB2077E1ADBA54300F1ADA8 /* DBToken+Private.mm */; };
/* End PBXBuildFile section */

/* Begin PBXContainerItemProxy section */
		65868B601989FE4200D60EEE /* PBXContainerItemProxy */ = {
			isa = PBXContainerItemProxy;
			containerPortal = 65868B421989FE4200D60EEE /* Project object */;
			proxyType = 1;
			remoteGlobalIDString = 65868B491989FE4200D60EEE;
			remoteInfo = DjinniObjcTest;
		};
/* End PBXContainerItemProxy section */

/* Begin PBXCopyFilesBuildPhase section */
		65868B481989FE4200D60EEE /* CopyFiles */ = {
			isa = PBXCopyFilesBuildPhase;
			buildActionMask = 2147483647;
			dstPath = "include/$(PRODUCT_NAME)";
			dstSubfolderSpec = 16;
			files = (
			);
			runOnlyForDeploymentPostprocessing = 0;
		};
/* End PBXCopyFilesBuildPhase section */

/* Begin PBXFileReference section */
		6536CD6A19A6C82200DD7715 /* DJIError.h */ = {isa = PBXFileReference; fileEncoding = 4; lastKnownFileType = sourcecode.c.h; path = DJIError.h; sourceTree = "<group>"; };
		6536CD6B19A6C82200DD7715 /* DJIWeakPtrWrapper+Private.h */ = {isa = PBXFileReference; fileEncoding = 4; lastKnownFileType = sourcecode.c.h; path = "DJIWeakPtrWrapper+Private.h"; sourceTree = "<group>"; };
		6536CD6C19A6C82200DD7715 /* DJIWeakPtrWrapper.mm */ = {isa = PBXFileReference; fileEncoding = 4; lastKnownFileType = sourcecode.cpp.objcpp; path = DJIWeakPtrWrapper.mm; sourceTree = "<group>"; };
		6536CD6D19A6C82200DD7715 /* DJICppWrapperCache+Private.h */ = {isa = PBXFileReference; fileEncoding = 4; lastKnownFileType = sourcecode.c.h; path = "DJICppWrapperCache+Private.h"; sourceTree = "<group>"; };
		6536CD6E19A6C82200DD7715 /* DJIObjcWrapperCache+Private.h */ = {isa = PBXFileReference; fileEncoding = 4; lastKnownFileType = sourcecode.c.h; path = "DJIObjcWrapperCache+Private.h"; sourceTree = "<group>"; };
		6536CD7119A6C96C00DD7715 /* DBClientInterfaceImpl.h */ = {isa = PBXFileReference; fileEncoding = 4; lastKnownFileType = sourcecode.c.h; path = DBClientInterfaceImpl.h; sourceTree = "<group>"; };
		6536CD7219A6C96C00DD7715 /* DBClientInterfaceImpl.mm */ = {isa = PBXFileReference; fileEncoding = 4; lastKnownFileType = sourcecode.cpp.objcpp; path = DBClientInterfaceImpl.mm; sourceTree = "<group>"; };
		6536CD7619A6C98800DD7715 /* cpp_exception_impl.cpp */ = {isa = PBXFileReference; fileEncoding = 4; lastKnownFileType = sourcecode.cpp.cpp; path = cpp_exception_impl.cpp; sourceTree = "<group>"; };
		6536CD7719A6C98800DD7715 /* cpp_exception_impl.hpp */ = {isa = PBXFileReference; fileEncoding = 4; lastKnownFileType = sourcecode.cpp.h; path = cpp_exception_impl.hpp; sourceTree = "<group>"; };
		6536CD7A19A6C99800DD7715 /* DBClientInterfaceTests.mm */ = {isa = PBXFileReference; fileEncoding = 4; lastKnownFileType = sourcecode.cpp.objcpp; path = DBClientInterfaceTests.mm; sourceTree = "<group>"; };
		6536CD7B19A6C99800DD7715 /* DBCppExceptionTests.mm */ = {isa = PBXFileReference; fileEncoding = 4; lastKnownFileType = sourcecode.cpp.objcpp; path = DBCppExceptionTests.mm; sourceTree = "<group>"; };
		6536CD7C19A6C99800DD7715 /* DBMapRecordTests.mm */ = {isa = PBXFileReference; fileEncoding = 4; lastKnownFileType = sourcecode.cpp.objcpp; path = DBMapRecordTests.mm; sourceTree = "<group>"; };
		6536CD7D19A6C99800DD7715 /* DBNestedCollectionTests.mm */ = {isa = PBXFileReference; fileEncoding = 4; lastKnownFileType = sourcecode.cpp.objcpp; path = DBNestedCollectionTests.mm; sourceTree = "<group>"; };
		6536CD7E19A6C99800DD7715 /* DBPrimitiveListTests.mm */ = {isa = PBXFileReference; fileEncoding = 4; lastKnownFileType = sourcecode.cpp.objcpp; path = DBPrimitiveListTests.mm; sourceTree = "<group>"; };
		6536CD7F19A6C99800DD7715 /* DBRecordWithDerivingsCppTests.mm */ = {isa = PBXFileReference; fileEncoding = 4; lastKnownFileType = sourcecode.cpp.objcpp; path = DBRecordWithDerivingsCppTests.mm; sourceTree = "<group>"; };
		6536CD8019A6C99800DD7715 /* DBRecordWithDerivingsObjcTests.mm */ = {isa = PBXFileReference; fileEncoding = 4; lastKnownFileType = sourcecode.cpp.objcpp; path = DBRecordWithDerivingsObjcTests.mm; sourceTree = "<group>"; };
		6536CD8119A6C99800DD7715 /* DBSetRecordTests.mm */ = {isa = PBXFileReference; fileEncoding = 4; lastKnownFileType = sourcecode.cpp.objcpp; path = DBSetRecordTests.mm; sourceTree = "<group>"; };
		6536CD8319A6C99800DD7715 /* en */ = {isa = PBXFileReference; lastKnownFileType = text.plist.strings; name = en; path = en.lproj/InfoPlist.strings; sourceTree = "<group>"; };
		6536CD8419A6C99800DD7715 /* DjinniObjcTestTests-Info.plist */ = {isa = PBXFileReference; fileEncoding = 4; lastKnownFileType = text.plist.xml; path = "DjinniObjcTestTests-Info.plist"; sourceTree = "<group>"; };
		65868B4A1989FE4200D60EEE /* libDjinniObjcTest.a */ = {isa = PBXFileReference; explicitFileType = archive.ar; includeInIndex = 0; path = libDjinniObjcTest.a; sourceTree = BUILT_PRODUCTS_DIR; };
		65868B4D1989FE4200D60EEE /* Foundation.framework */ = {isa = PBXFileReference; lastKnownFileType = wrapper.framework; name = Foundation.framework; path = System/Library/Frameworks/Foundation.framework; sourceTree = SDKROOT; };
		65868B5A1989FE4200D60EEE /* DjinniObjcTestTests.xctest */ = {isa = PBXFileReference; explicitFileType = wrapper.cfbundle; includeInIndex = 0; path = DjinniObjcTestTests.xctest; sourceTree = BUILT_PRODUCTS_DIR; };
		65868B5B1989FE4200D60EEE /* XCTest.framework */ = {isa = PBXFileReference; lastKnownFileType = wrapper.framework; name = XCTest.framework; path = Library/Frameworks/XCTest.framework; sourceTree = DEVELOPER_DIR; };
		65868B5E1989FE4200D60EEE /* UIKit.framework */ = {isa = PBXFileReference; lastKnownFileType = wrapper.framework; name = UIKit.framework; path = Library/Frameworks/UIKit.framework; sourceTree = DEVELOPER_DIR; };
		6D66A8A81A3B09F000B312E8 /* DBConstantTests.mm */ = {isa = PBXFileReference; fileEncoding = 4; lastKnownFileType = sourcecode.cpp.objcpp; path = DBConstantTests.mm; sourceTree = "<group>"; };
		A278D45219BA3601006FD937 /* test_helpers.cpp */ = {isa = PBXFileReference; fileEncoding = 4; lastKnownFileType = sourcecode.cpp.cpp; path = test_helpers.cpp; sourceTree = "<group>"; };
		A2CB54B319BA6E6000A9E600 /* DJIError.mm */ = {isa = PBXFileReference; fileEncoding = 4; lastKnownFileType = sourcecode.cpp.objcpp; path = DJIError.mm; sourceTree = "<group>"; };
		CFB2071B1ADBA4EE00F1ADA8 /* DBDateRecordTests.mm */ = {isa = PBXFileReference; fileEncoding = 4; lastKnownFileType = sourcecode.cpp.objcpp; path = DBDateRecordTests.mm; sourceTree = "<group>"; };
		CFB2071D1ADBA52500F1ADA8 /* assorted_integers.cpp */ = {isa = PBXFileReference; fileEncoding = 4; lastKnownFileType = sourcecode.cpp.cpp; name = assorted_integers.cpp; path = "../../generated-src/cpp/assorted_integers.cpp"; sourceTree = "<group>"; };
		CFB2071E1ADBA52500F1ADA8 /* assorted_integers.hpp */ = {isa = PBXFileReference; fileEncoding = 4; lastKnownFileType = sourcecode.cpp.h; name = assorted_integers.hpp; path = "../../generated-src/cpp/assorted_integers.hpp"; sourceTree = "<group>"; };
		CFB2071F1ADBA52500F1ADA8 /* client_interface.hpp */ = {isa = PBXFileReference; fileEncoding = 4; lastKnownFileType = sourcecode.cpp.h; name = client_interface.hpp; path = "../../generated-src/cpp/client_interface.hpp"; sourceTree = "<group>"; };
		CFB207201ADBA52500F1ADA8 /* client_returned_record.hpp */ = {isa = PBXFileReference; fileEncoding = 4; lastKnownFileType = sourcecode.cpp.h; name = client_returned_record.hpp; path = "../../generated-src/cpp/client_returned_record.hpp"; sourceTree = "<group>"; };
		CFB207211ADBA52500F1ADA8 /* color.hpp */ = {isa = PBXFileReference; fileEncoding = 4; lastKnownFileType = sourcecode.cpp.h; name = color.hpp; path = "../../generated-src/cpp/color.hpp"; sourceTree = "<group>"; };
		CFB207221ADBA52500F1ADA8 /* constants.cpp */ = {isa = PBXFileReference; fileEncoding = 4; lastKnownFileType = sourcecode.cpp.cpp; name = constants.cpp; path = "../../generated-src/cpp/constants.cpp"; sourceTree = "<group>"; };
		CFB207231ADBA52500F1ADA8 /* constants.hpp */ = {isa = PBXFileReference; fileEncoding = 4; lastKnownFileType = sourcecode.cpp.h; name = constants.hpp; path = "../../generated-src/cpp/constants.hpp"; sourceTree = "<group>"; };
		CFB207241ADBA52500F1ADA8 /* cpp_exception.hpp */ = {isa = PBXFileReference; fileEncoding = 4; lastKnownFileType = sourcecode.cpp.h; name = cpp_exception.hpp; path = "../../generated-src/cpp/cpp_exception.hpp"; sourceTree = "<group>"; };
		CFB207251ADBA52500F1ADA8 /* date_record.hpp */ = {isa = PBXFileReference; fileEncoding = 4; lastKnownFileType = sourcecode.cpp.h; name = date_record.hpp; path = "../../generated-src/cpp/date_record.hpp"; sourceTree = "<group>"; };
		CFB207261ADBA52500F1ADA8 /* map_date_record.hpp */ = {isa = PBXFileReference; fileEncoding = 4; lastKnownFileType = sourcecode.cpp.h; name = map_date_record.hpp; path = "../../generated-src/cpp/map_date_record.hpp"; sourceTree = "<group>"; };
		CFB207271ADBA52500F1ADA8 /* map_list_record.hpp */ = {isa = PBXFileReference; fileEncoding = 4; lastKnownFileType = sourcecode.cpp.h; name = map_list_record.hpp; path = "../../generated-src/cpp/map_list_record.hpp"; sourceTree = "<group>"; };
		CFB207281ADBA52500F1ADA8 /* map_record.hpp */ = {isa = PBXFileReference; fileEncoding = 4; lastKnownFileType = sourcecode.cpp.h; name = map_record.hpp; path = "../../generated-src/cpp/map_record.hpp"; sourceTree = "<group>"; };
		CFB207291ADBA52500F1ADA8 /* nested_collection.hpp */ = {isa = PBXFileReference; fileEncoding = 4; lastKnownFileType = sourcecode.cpp.h; name = nested_collection.hpp; path = "../../generated-src/cpp/nested_collection.hpp"; sourceTree = "<group>"; };
		CFB2072A1ADBA52500F1ADA8 /* primitive_list.hpp */ = {isa = PBXFileReference; fileEncoding = 4; lastKnownFileType = sourcecode.cpp.h; name = primitive_list.hpp; path = "../../generated-src/cpp/primitive_list.hpp"; sourceTree = "<group>"; };
		CFB2072B1ADBA52500F1ADA8 /* record_with_derivings.cpp */ = {isa = PBXFileReference; fileEncoding = 4; lastKnownFileType = sourcecode.cpp.cpp; name = record_with_derivings.cpp; path = "../../generated-src/cpp/record_with_derivings.cpp"; sourceTree = "<group>"; };
		CFB2072C1ADBA52500F1ADA8 /* record_with_derivings.hpp */ = {isa = PBXFileReference; fileEncoding = 4; lastKnownFileType = sourcecode.cpp.h; name = record_with_derivings.hpp; path = "../../generated-src/cpp/record_with_derivings.hpp"; sourceTree = "<group>"; };
		CFB2072D1ADBA52500F1ADA8 /* record_with_nested_derivings.cpp */ = {isa = PBXFileReference; fileEncoding = 4; lastKnownFileType = sourcecode.cpp.cpp; name = record_with_nested_derivings.cpp; path = "../../generated-src/cpp/record_with_nested_derivings.cpp"; sourceTree = "<group>"; };
		CFB2072E1ADBA52500F1ADA8 /* record_with_nested_derivings.hpp */ = {isa = PBXFileReference; fileEncoding = 4; lastKnownFileType = sourcecode.cpp.h; name = record_with_nested_derivings.hpp; path = "../../generated-src/cpp/record_with_nested_derivings.hpp"; sourceTree = "<group>"; };
		CFB2072F1ADBA52500F1ADA8 /* set_record.hpp */ = {isa = PBXFileReference; fileEncoding = 4; lastKnownFileType = sourcecode.cpp.h; name = set_record.hpp; path = "../../generated-src/cpp/set_record.hpp"; sourceTree = "<group>"; };
		CFB207301ADBA52500F1ADA8 /* test_helpers.hpp */ = {isa = PBXFileReference; fileEncoding = 4; lastKnownFileType = sourcecode.cpp.h; name = test_helpers.hpp; path = "../../generated-src/cpp/test_helpers.hpp"; sourceTree = "<group>"; };
		CFB207311ADBA52500F1ADA8 /* token.hpp */ = {isa = PBXFileReference; fileEncoding = 4; lastKnownFileType = sourcecode.cpp.h; name = token.hpp; path = "../../generated-src/cpp/token.hpp"; sourceTree = "<group>"; };
		CFB207361ADBA53600F1ADA8 /* DBAssortedIntegers.h */ = {isa = PBXFileReference; fileEncoding = 4; lastKnownFileType = sourcecode.c.h; name = DBAssortedIntegers.h; path = "../../generated-src/objc/DBAssortedIntegers.h"; sourceTree = "<group>"; };
		CFB207371ADBA53600F1ADA8 /* DBAssortedIntegers.mm */ = {isa = PBXFileReference; fileEncoding = 4; lastKnownFileType = sourcecode.cpp.objcpp; name = DBAssortedIntegers.mm; path = "../../generated-src/objc/DBAssortedIntegers.mm"; sourceTree = "<group>"; };
		CFB207381ADBA53600F1ADA8 /* DBClientInterface.h */ = {isa = PBXFileReference; fileEncoding = 4; lastKnownFileType = sourcecode.c.h; name = DBClientInterface.h; path = "../../generated-src/objc/DBClientInterface.h"; sourceTree = "<group>"; };
		CFB207391ADBA53600F1ADA8 /* DBClientReturnedRecord.h */ = {isa = PBXFileReference; fileEncoding = 4; lastKnownFileType = sourcecode.c.h; name = DBClientReturnedRecord.h; path = "../../generated-src/objc/DBClientReturnedRecord.h"; sourceTree = "<group>"; };
		CFB2073A1ADBA53600F1ADA8 /* DBClientReturnedRecord.mm */ = {isa = PBXFileReference; fileEncoding = 4; lastKnownFileType = sourcecode.cpp.objcpp; name = DBClientReturnedRecord.mm; path = "../../generated-src/objc/DBClientReturnedRecord.mm"; sourceTree = "<group>"; };
		CFB2073B1ADBA53600F1ADA8 /* DBColor.h */ = {isa = PBXFileReference; fileEncoding = 4; lastKnownFileType = sourcecode.c.h; name = DBColor.h; path = "../../generated-src/objc/DBColor.h"; sourceTree = "<group>"; };
		CFB2073C1ADBA53600F1ADA8 /* DBConstants.h */ = {isa = PBXFileReference; fileEncoding = 4; lastKnownFileType = sourcecode.c.h; name = DBConstants.h; path = "../../generated-src/objc/DBConstants.h"; sourceTree = "<group>"; };
		CFB2073D1ADBA53600F1ADA8 /* DBConstants.mm */ = {isa = PBXFileReference; fileEncoding = 4; lastKnownFileType = sourcecode.cpp.objcpp; name = DBConstants.mm; path = "../../generated-src/objc/DBConstants.mm"; sourceTree = "<group>"; };
		CFB2073E1ADBA53600F1ADA8 /* DBCppException.h */ = {isa = PBXFileReference; fileEncoding = 4; lastKnownFileType = sourcecode.c.h; name = DBCppException.h; path = "../../generated-src/objc/DBCppException.h"; sourceTree = "<group>"; };
		CFB2073F1ADBA53600F1ADA8 /* DBDateRecord.h */ = {isa = PBXFileReference; fileEncoding = 4; lastKnownFileType = sourcecode.c.h; name = DBDateRecord.h; path = "../../generated-src/objc/DBDateRecord.h"; sourceTree = "<group>"; };
		CFB207401ADBA53600F1ADA8 /* DBDateRecord.mm */ = {isa = PBXFileReference; fileEncoding = 4; lastKnownFileType = sourcecode.cpp.objcpp; name = DBDateRecord.mm; path = "../../generated-src/objc/DBDateRecord.mm"; sourceTree = "<group>"; };
		CFB207411ADBA53600F1ADA8 /* DBMapDateRecord.h */ = {isa = PBXFileReference; fileEncoding = 4; lastKnownFileType = sourcecode.c.h; name = DBMapDateRecord.h; path = "../../generated-src/objc/DBMapDateRecord.h"; sourceTree = "<group>"; };
		CFB207421ADBA53600F1ADA8 /* DBMapDateRecord.mm */ = {isa = PBXFileReference; fileEncoding = 4; lastKnownFileType = sourcecode.cpp.objcpp; name = DBMapDateRecord.mm; path = "../../generated-src/objc/DBMapDateRecord.mm"; sourceTree = "<group>"; };
		CFB207431ADBA53600F1ADA8 /* DBMapListRecord.h */ = {isa = PBXFileReference; fileEncoding = 4; lastKnownFileType = sourcecode.c.h; name = DBMapListRecord.h; path = "../../generated-src/objc/DBMapListRecord.h"; sourceTree = "<group>"; };
		CFB207441ADBA53600F1ADA8 /* DBMapListRecord.mm */ = {isa = PBXFileReference; fileEncoding = 4; lastKnownFileType = sourcecode.cpp.objcpp; name = DBMapListRecord.mm; path = "../../generated-src/objc/DBMapListRecord.mm"; sourceTree = "<group>"; };
		CFB207451ADBA53600F1ADA8 /* DBMapRecord.h */ = {isa = PBXFileReference; fileEncoding = 4; lastKnownFileType = sourcecode.c.h; name = DBMapRecord.h; path = "../../generated-src/objc/DBMapRecord.h"; sourceTree = "<group>"; };
		CFB207461ADBA53600F1ADA8 /* DBMapRecord.mm */ = {isa = PBXFileReference; fileEncoding = 4; lastKnownFileType = sourcecode.cpp.objcpp; name = DBMapRecord.mm; path = "../../generated-src/objc/DBMapRecord.mm"; sourceTree = "<group>"; };
		CFB207471ADBA53600F1ADA8 /* DBNestedCollection.h */ = {isa = PBXFileReference; fileEncoding = 4; lastKnownFileType = sourcecode.c.h; name = DBNestedCollection.h; path = "../../generated-src/objc/DBNestedCollection.h"; sourceTree = "<group>"; };
		CFB207481ADBA53600F1ADA8 /* DBNestedCollection.mm */ = {isa = PBXFileReference; fileEncoding = 4; lastKnownFileType = sourcecode.cpp.objcpp; name = DBNestedCollection.mm; path = "../../generated-src/objc/DBNestedCollection.mm"; sourceTree = "<group>"; };
		CFB207491ADBA53600F1ADA8 /* DBPrimitiveList.h */ = {isa = PBXFileReference; fileEncoding = 4; lastKnownFileType = sourcecode.c.h; name = DBPrimitiveList.h; path = "../../generated-src/objc/DBPrimitiveList.h"; sourceTree = "<group>"; };
		CFB2074A1ADBA53600F1ADA8 /* DBPrimitiveList.mm */ = {isa = PBXFileReference; fileEncoding = 4; lastKnownFileType = sourcecode.cpp.objcpp; name = DBPrimitiveList.mm; path = "../../generated-src/objc/DBPrimitiveList.mm"; sourceTree = "<group>"; };
		CFB2074B1ADBA53600F1ADA8 /* DBRecordWithDerivings.h */ = {isa = PBXFileReference; fileEncoding = 4; lastKnownFileType = sourcecode.c.h; name = DBRecordWithDerivings.h; path = "../../generated-src/objc/DBRecordWithDerivings.h"; sourceTree = "<group>"; };
		CFB2074C1ADBA53600F1ADA8 /* DBRecordWithDerivings.mm */ = {isa = PBXFileReference; fileEncoding = 4; lastKnownFileType = sourcecode.cpp.objcpp; name = DBRecordWithDerivings.mm; path = "../../generated-src/objc/DBRecordWithDerivings.mm"; sourceTree = "<group>"; };
		CFB2074D1ADBA53600F1ADA8 /* DBRecordWithNestedDerivings.h */ = {isa = PBXFileReference; fileEncoding = 4; lastKnownFileType = sourcecode.c.h; name = DBRecordWithNestedDerivings.h; path = "../../generated-src/objc/DBRecordWithNestedDerivings.h"; sourceTree = "<group>"; };
		CFB2074E1ADBA53600F1ADA8 /* DBRecordWithNestedDerivings.mm */ = {isa = PBXFileReference; fileEncoding = 4; lastKnownFileType = sourcecode.cpp.objcpp; name = DBRecordWithNestedDerivings.mm; path = "../../generated-src/objc/DBRecordWithNestedDerivings.mm"; sourceTree = "<group>"; };
		CFB2074F1ADBA53600F1ADA8 /* DBSetRecord.h */ = {isa = PBXFileReference; fileEncoding = 4; lastKnownFileType = sourcecode.c.h; name = DBSetRecord.h; path = "../../generated-src/objc/DBSetRecord.h"; sourceTree = "<group>"; };
		CFB207501ADBA53600F1ADA8 /* DBSetRecord.mm */ = {isa = PBXFileReference; fileEncoding = 4; lastKnownFileType = sourcecode.cpp.objcpp; name = DBSetRecord.mm; path = "../../generated-src/objc/DBSetRecord.mm"; sourceTree = "<group>"; };
		CFB207511ADBA53600F1ADA8 /* DBTestHelpers.h */ = {isa = PBXFileReference; fileEncoding = 4; lastKnownFileType = sourcecode.c.h; name = DBTestHelpers.h; path = "../../generated-src/objc/DBTestHelpers.h"; sourceTree = "<group>"; };
		CFB207521ADBA53600F1ADA8 /* DBToken.h */ = {isa = PBXFileReference; fileEncoding = 4; lastKnownFileType = sourcecode.c.h; name = DBToken.h; path = "../../generated-src/objc/DBToken.h"; sourceTree = "<group>"; };
		CFB2075F1ADBA54300F1ADA8 /* DBAssortedIntegers+Private.h */ = {isa = PBXFileReference; fileEncoding = 4; lastKnownFileType = sourcecode.c.h; path = "DBAssortedIntegers+Private.h"; sourceTree = "<group>"; };
		CFB207601ADBA54300F1ADA8 /* DBAssortedIntegers+Private.mm */ = {isa = PBXFileReference; fileEncoding = 4; lastKnownFileType = sourcecode.cpp.objcpp; path = "DBAssortedIntegers+Private.mm"; sourceTree = "<group>"; };
		CFB207611ADBA54300F1ADA8 /* DBClientInterface+Private.h */ = {isa = PBXFileReference; fileEncoding = 4; lastKnownFileType = sourcecode.c.h; path = "DBClientInterface+Private.h"; sourceTree = "<group>"; };
		CFB207621ADBA54300F1ADA8 /* DBClientInterface+Private.mm */ = {isa = PBXFileReference; fileEncoding = 4; lastKnownFileType = sourcecode.cpp.objcpp; path = "DBClientInterface+Private.mm"; sourceTree = "<group>"; };
		CFB207631ADBA54300F1ADA8 /* DBClientReturnedRecord+Private.h */ = {isa = PBXFileReference; fileEncoding = 4; lastKnownFileType = sourcecode.c.h; path = "DBClientReturnedRecord+Private.h"; sourceTree = "<group>"; };
		CFB207641ADBA54300F1ADA8 /* DBClientReturnedRecord+Private.mm */ = {isa = PBXFileReference; fileEncoding = 4; lastKnownFileType = sourcecode.cpp.objcpp; path = "DBClientReturnedRecord+Private.mm"; sourceTree = "<group>"; };
		CFB207651ADBA54300F1ADA8 /* DBConstants+Private.h */ = {isa = PBXFileReference; fileEncoding = 4; lastKnownFileType = sourcecode.c.h; path = "DBConstants+Private.h"; sourceTree = "<group>"; };
		CFB207661ADBA54300F1ADA8 /* DBConstants+Private.mm */ = {isa = PBXFileReference; fileEncoding = 4; lastKnownFileType = sourcecode.cpp.objcpp; path = "DBConstants+Private.mm"; sourceTree = "<group>"; };
		CFB207671ADBA54300F1ADA8 /* DBCppException+Private.h */ = {isa = PBXFileReference; fileEncoding = 4; lastKnownFileType = sourcecode.c.h; path = "DBCppException+Private.h"; sourceTree = "<group>"; };
		CFB207681ADBA54300F1ADA8 /* DBCppException+Private.mm */ = {isa = PBXFileReference; fileEncoding = 4; lastKnownFileType = sourcecode.cpp.objcpp; path = "DBCppException+Private.mm"; sourceTree = "<group>"; };
		CFB207691ADBA54300F1ADA8 /* DBDateRecord+Private.h */ = {isa = PBXFileReference; fileEncoding = 4; lastKnownFileType = sourcecode.c.h; path = "DBDateRecord+Private.h"; sourceTree = "<group>"; };
		CFB2076A1ADBA54300F1ADA8 /* DBDateRecord+Private.mm */ = {isa = PBXFileReference; fileEncoding = 4; lastKnownFileType = sourcecode.cpp.objcpp; path = "DBDateRecord+Private.mm"; sourceTree = "<group>"; };
		CFB2076B1ADBA54300F1ADA8 /* DBMapDateRecord+Private.h */ = {isa = PBXFileReference; fileEncoding = 4; lastKnownFileType = sourcecode.c.h; path = "DBMapDateRecord+Private.h"; sourceTree = "<group>"; };
		CFB2076C1ADBA54300F1ADA8 /* DBMapDateRecord+Private.mm */ = {isa = PBXFileReference; fileEncoding = 4; lastKnownFileType = sourcecode.cpp.objcpp; path = "DBMapDateRecord+Private.mm"; sourceTree = "<group>"; };
		CFB2076D1ADBA54300F1ADA8 /* DBMapListRecord+Private.h */ = {isa = PBXFileReference; fileEncoding = 4; lastKnownFileType = sourcecode.c.h; path = "DBMapListRecord+Private.h"; sourceTree = "<group>"; };
		CFB2076E1ADBA54300F1ADA8 /* DBMapListRecord+Private.mm */ = {isa = PBXFileReference; fileEncoding = 4; lastKnownFileType = sourcecode.cpp.objcpp; path = "DBMapListRecord+Private.mm"; sourceTree = "<group>"; };
		CFB2076F1ADBA54300F1ADA8 /* DBMapRecord+Private.h */ = {isa = PBXFileReference; fileEncoding = 4; lastKnownFileType = sourcecode.c.h; path = "DBMapRecord+Private.h"; sourceTree = "<group>"; };
		CFB207701ADBA54300F1ADA8 /* DBMapRecord+Private.mm */ = {isa = PBXFileReference; fileEncoding = 4; lastKnownFileType = sourcecode.cpp.objcpp; path = "DBMapRecord+Private.mm"; sourceTree = "<group>"; };
		CFB207711ADBA54300F1ADA8 /* DBNestedCollection+Private.h */ = {isa = PBXFileReference; fileEncoding = 4; lastKnownFileType = sourcecode.c.h; path = "DBNestedCollection+Private.h"; sourceTree = "<group>"; };
		CFB207721ADBA54300F1ADA8 /* DBNestedCollection+Private.mm */ = {isa = PBXFileReference; fileEncoding = 4; lastKnownFileType = sourcecode.cpp.objcpp; path = "DBNestedCollection+Private.mm"; sourceTree = "<group>"; };
		CFB207731ADBA54300F1ADA8 /* DBPrimitiveList+Private.h */ = {isa = PBXFileReference; fileEncoding = 4; lastKnownFileType = sourcecode.c.h; path = "DBPrimitiveList+Private.h"; sourceTree = "<group>"; };
		CFB207741ADBA54300F1ADA8 /* DBPrimitiveList+Private.mm */ = {isa = PBXFileReference; fileEncoding = 4; lastKnownFileType = sourcecode.cpp.objcpp; path = "DBPrimitiveList+Private.mm"; sourceTree = "<group>"; };
		CFB207751ADBA54300F1ADA8 /* DBRecordWithDerivings+Private.h */ = {isa = PBXFileReference; fileEncoding = 4; lastKnownFileType = sourcecode.c.h; path = "DBRecordWithDerivings+Private.h"; sourceTree = "<group>"; };
		CFB207761ADBA54300F1ADA8 /* DBRecordWithDerivings+Private.mm */ = {isa = PBXFileReference; fileEncoding = 4; lastKnownFileType = sourcecode.cpp.objcpp; path = "DBRecordWithDerivings+Private.mm"; sourceTree = "<group>"; };
		CFB207771ADBA54300F1ADA8 /* DBRecordWithNestedDerivings+Private.h */ = {isa = PBXFileReference; fileEncoding = 4; lastKnownFileType = sourcecode.c.h; path = "DBRecordWithNestedDerivings+Private.h"; sourceTree = "<group>"; };
		CFB207781ADBA54300F1ADA8 /* DBRecordWithNestedDerivings+Private.mm */ = {isa = PBXFileReference; fileEncoding = 4; lastKnownFileType = sourcecode.cpp.objcpp; path = "DBRecordWithNestedDerivings+Private.mm"; sourceTree = "<group>"; };
		CFB207791ADBA54300F1ADA8 /* DBSetRecord+Private.h */ = {isa = PBXFileReference; fileEncoding = 4; lastKnownFileType = sourcecode.c.h; path = "DBSetRecord+Private.h"; sourceTree = "<group>"; };
		CFB2077A1ADBA54300F1ADA8 /* DBSetRecord+Private.mm */ = {isa = PBXFileReference; fileEncoding = 4; lastKnownFileType = sourcecode.cpp.objcpp; path = "DBSetRecord+Private.mm"; sourceTree = "<group>"; };
		CFB2077B1ADBA54300F1ADA8 /* DBTestHelpers+Private.h */ = {isa = PBXFileReference; fileEncoding = 4; lastKnownFileType = sourcecode.c.h; path = "DBTestHelpers+Private.h"; sourceTree = "<group>"; };
		CFB2077C1ADBA54300F1ADA8 /* DBTestHelpers+Private.mm */ = {isa = PBXFileReference; fileEncoding = 4; lastKnownFileType = sourcecode.cpp.objcpp; path = "DBTestHelpers+Private.mm"; sourceTree = "<group>"; };
		CFB2077D1ADBA54300F1ADA8 /* DBToken+Private.h */ = {isa = PBXFileReference; fileEncoding = 4; lastKnownFileType = sourcecode.c.h; path = "DBToken+Private.h"; sourceTree = "<group>"; };
		CFB2077E1ADBA54300F1ADA8 /* DBToken+Private.mm */ = {isa = PBXFileReference; fileEncoding = 4; lastKnownFileType = sourcecode.cpp.objcpp; path = "DBToken+Private.mm"; sourceTree = "<group>"; };
		CFC5765B1AC31384002FB1E9 /* DJIMarshal+Private.h */ = {isa = PBXFileReference; fileEncoding = 4; lastKnownFileType = sourcecode.c.h; path = "DJIMarshal+Private.h"; sourceTree = "<group>"; };
/* End PBXFileReference section */

/* Begin PBXFrameworksBuildPhase section */
		65868B471989FE4200D60EEE /* Frameworks */ = {
			isa = PBXFrameworksBuildPhase;
			buildActionMask = 2147483647;
			files = (
				65868B4E1989FE4200D60EEE /* Foundation.framework in Frameworks */,
			);
			runOnlyForDeploymentPostprocessing = 0;
		};
		65868B571989FE4200D60EEE /* Frameworks */ = {
			isa = PBXFrameworksBuildPhase;
			buildActionMask = 2147483647;
			files = (
				65868B5C1989FE4200D60EEE /* XCTest.framework in Frameworks */,
				65868B5F1989FE4200D60EEE /* UIKit.framework in Frameworks */,
				65868B621989FE4200D60EEE /* libDjinniObjcTest.a in Frameworks */,
				65868B5D1989FE4200D60EEE /* Foundation.framework in Frameworks */,
			);
			runOnlyForDeploymentPostprocessing = 0;
		};
/* End PBXFrameworksBuildPhase section */

/* Begin PBXGroup section */
		6536CD6919A6C82200DD7715 /* objc-support-lib */ = {
			isa = PBXGroup;
			children = (
				6536CD6D19A6C82200DD7715 /* DJICppWrapperCache+Private.h */,
				6536CD6A19A6C82200DD7715 /* DJIError.h */,
				A2CB54B319BA6E6000A9E600 /* DJIError.mm */,
				CFC5765B1AC31384002FB1E9 /* DJIMarshal+Private.h */,
				6536CD6E19A6C82200DD7715 /* DJIObjcWrapperCache+Private.h */,
				6536CD6C19A6C82200DD7715 /* DJIWeakPtrWrapper.mm */,
				6536CD6B19A6C82200DD7715 /* DJIWeakPtrWrapper+Private.h */,
			);
			name = "objc-support-lib";
			path = "../../support-lib/objc";
			sourceTree = "<group>";
		};
		6536CD7019A6C96C00DD7715 /* handwritten-objc */ = {
			isa = PBXGroup;
			children = (
				6536CD7119A6C96C00DD7715 /* DBClientInterfaceImpl.h */,
				6536CD7219A6C96C00DD7715 /* DBClientInterfaceImpl.mm */,
			);
			name = "handwritten-objc";
			path = "../handwritten-src/objc/impl";
			sourceTree = "<group>";
		};
		6536CD7519A6C98800DD7715 /* handwritten-cpp */ = {
			isa = PBXGroup;
			children = (
				A278D45219BA3601006FD937 /* test_helpers.cpp */,
				6536CD7619A6C98800DD7715 /* cpp_exception_impl.cpp */,
				6536CD7719A6C98800DD7715 /* cpp_exception_impl.hpp */,
			);
			name = "handwritten-cpp";
			path = "../handwritten-src/cpp";
			sourceTree = "<group>";
		};
		6536CD7919A6C99800DD7715 /* Tests */ = {
			isa = PBXGroup;
			children = (
				6536CD7A19A6C99800DD7715 /* DBClientInterfaceTests.mm */,
				6D66A8A81A3B09F000B312E8 /* DBConstantTests.mm */,
				6536CD7B19A6C99800DD7715 /* DBCppExceptionTests.mm */,
				CFB2071B1ADBA4EE00F1ADA8 /* DBDateRecordTests.mm */,
				6536CD7C19A6C99800DD7715 /* DBMapRecordTests.mm */,
				6536CD7D19A6C99800DD7715 /* DBNestedCollectionTests.mm */,
				6536CD7E19A6C99800DD7715 /* DBPrimitiveListTests.mm */,
				6536CD7F19A6C99800DD7715 /* DBRecordWithDerivingsCppTests.mm */,
				6536CD8019A6C99800DD7715 /* DBRecordWithDerivingsObjcTests.mm */,
				6536CD8119A6C99800DD7715 /* DBSetRecordTests.mm */,
				6536CD8419A6C99800DD7715 /* DjinniObjcTestTests-Info.plist */,
				6536CD8219A6C99800DD7715 /* InfoPlist.strings */,
			);
			name = Tests;
			path = "../handwritten-src/objc/tests";
			sourceTree = "<group>";
		};
		65868B411989FE4200D60EEE = {
			isa = PBXGroup;
			children = (
				6536CD7919A6C99800DD7715 /* Tests */,
				6536CD7519A6C98800DD7715 /* handwritten-cpp */,
				6536CD7019A6C96C00DD7715 /* handwritten-objc */,
				6536CD6919A6C82200DD7715 /* objc-support-lib */,
				65BAE6D619A6C7100035F775 /* generated-cpp */,
				65BAE6E319A6C7100035F775 /* generated-objc */,
				CF3D71051AD552E6001714DB /* generated-objcpp */,
				65868B4C1989FE4200D60EEE /* Frameworks */,
				65868B4B1989FE4200D60EEE /* Products */,
			);
			sourceTree = "<group>";
		};
		65868B4B1989FE4200D60EEE /* Products */ = {
			isa = PBXGroup;
			children = (
				65868B4A1989FE4200D60EEE /* libDjinniObjcTest.a */,
				65868B5A1989FE4200D60EEE /* DjinniObjcTestTests.xctest */,
			);
			name = Products;
			sourceTree = "<group>";
		};
		65868B4C1989FE4200D60EEE /* Frameworks */ = {
			isa = PBXGroup;
			children = (
				65868B4D1989FE4200D60EEE /* Foundation.framework */,
				65868B5B1989FE4200D60EEE /* XCTest.framework */,
				65868B5E1989FE4200D60EEE /* UIKit.framework */,
			);
			name = Frameworks;
			sourceTree = "<group>";
		};
		65BAE6D619A6C7100035F775 /* generated-cpp */ = {
			isa = PBXGroup;
			children = (
				CFB2071D1ADBA52500F1ADA8 /* assorted_integers.cpp */,
				CFB2071E1ADBA52500F1ADA8 /* assorted_integers.hpp */,
				CFB2071F1ADBA52500F1ADA8 /* client_interface.hpp */,
				CFB207201ADBA52500F1ADA8 /* client_returned_record.hpp */,
				CFB207211ADBA52500F1ADA8 /* color.hpp */,
				CFB207221ADBA52500F1ADA8 /* constants.cpp */,
				CFB207231ADBA52500F1ADA8 /* constants.hpp */,
				CFB207241ADBA52500F1ADA8 /* cpp_exception.hpp */,
				CFB207251ADBA52500F1ADA8 /* date_record.hpp */,
				CFB207261ADBA52500F1ADA8 /* map_date_record.hpp */,
				CFB207271ADBA52500F1ADA8 /* map_list_record.hpp */,
				CFB207281ADBA52500F1ADA8 /* map_record.hpp */,
				CFB207291ADBA52500F1ADA8 /* nested_collection.hpp */,
				CFB2072A1ADBA52500F1ADA8 /* primitive_list.hpp */,
				CFB2072B1ADBA52500F1ADA8 /* record_with_derivings.cpp */,
				CFB2072C1ADBA52500F1ADA8 /* record_with_derivings.hpp */,
				CFB2072D1ADBA52500F1ADA8 /* record_with_nested_derivings.cpp */,
				CFB2072E1ADBA52500F1ADA8 /* record_with_nested_derivings.hpp */,
				CFB2072F1ADBA52500F1ADA8 /* set_record.hpp */,
				CFB207301ADBA52500F1ADA8 /* test_helpers.hpp */,
				CFB207311ADBA52500F1ADA8 /* token.hpp */,
			);
			name = "generated-cpp";
			path = "../djinni-output-temp/cpp";
			sourceTree = "<group>";
		};
		65BAE6E319A6C7100035F775 /* generated-objc */ = {
			isa = PBXGroup;
			children = (
				CFB207361ADBA53600F1ADA8 /* DBAssortedIntegers.h */,
				CFB207371ADBA53600F1ADA8 /* DBAssortedIntegers.mm */,
				CFB207381ADBA53600F1ADA8 /* DBClientInterface.h */,
				CFB207391ADBA53600F1ADA8 /* DBClientReturnedRecord.h */,
				CFB2073A1ADBA53600F1ADA8 /* DBClientReturnedRecord.mm */,
				CFB2073B1ADBA53600F1ADA8 /* DBColor.h */,
				CFB2073C1ADBA53600F1ADA8 /* DBConstants.h */,
				CFB2073D1ADBA53600F1ADA8 /* DBConstants.mm */,
				CFB2073E1ADBA53600F1ADA8 /* DBCppException.h */,
				CFB2073F1ADBA53600F1ADA8 /* DBDateRecord.h */,
				CFB207401ADBA53600F1ADA8 /* DBDateRecord.mm */,
				CFB207411ADBA53600F1ADA8 /* DBMapDateRecord.h */,
				CFB207421ADBA53600F1ADA8 /* DBMapDateRecord.mm */,
				CFB207431ADBA53600F1ADA8 /* DBMapListRecord.h */,
				CFB207441ADBA53600F1ADA8 /* DBMapListRecord.mm */,
				CFB207451ADBA53600F1ADA8 /* DBMapRecord.h */,
				CFB207461ADBA53600F1ADA8 /* DBMapRecord.mm */,
				CFB207471ADBA53600F1ADA8 /* DBNestedCollection.h */,
				CFB207481ADBA53600F1ADA8 /* DBNestedCollection.mm */,
				CFB207491ADBA53600F1ADA8 /* DBPrimitiveList.h */,
				CFB2074A1ADBA53600F1ADA8 /* DBPrimitiveList.mm */,
				CFB2074B1ADBA53600F1ADA8 /* DBRecordWithDerivings.h */,
				CFB2074C1ADBA53600F1ADA8 /* DBRecordWithDerivings.mm */,
				CFB2074D1ADBA53600F1ADA8 /* DBRecordWithNestedDerivings.h */,
				CFB2074E1ADBA53600F1ADA8 /* DBRecordWithNestedDerivings.mm */,
				CFB2074F1ADBA53600F1ADA8 /* DBSetRecord.h */,
				CFB207501ADBA53600F1ADA8 /* DBSetRecord.mm */,
				CFB207511ADBA53600F1ADA8 /* DBTestHelpers.h */,
				CFB207521ADBA53600F1ADA8 /* DBToken.h */,
			);
			name = "generated-objc";
			path = "../djinni-output-temp/objc";
			sourceTree = "<group>";
		};
		CF3D71051AD552E6001714DB /* generated-objcpp */ = {
			isa = PBXGroup;
			children = (
				CFB2075F1ADBA54300F1ADA8 /* DBAssortedIntegers+Private.h */,
				CFB207601ADBA54300F1ADA8 /* DBAssortedIntegers+Private.mm */,
				CFB207611ADBA54300F1ADA8 /* DBClientInterface+Private.h */,
				CFB207621ADBA54300F1ADA8 /* DBClientInterface+Private.mm */,
				CFB207631ADBA54300F1ADA8 /* DBClientReturnedRecord+Private.h */,
				CFB207641ADBA54300F1ADA8 /* DBClientReturnedRecord+Private.mm */,
				CFB207651ADBA54300F1ADA8 /* DBConstants+Private.h */,
				CFB207661ADBA54300F1ADA8 /* DBConstants+Private.mm */,
				CFB207671ADBA54300F1ADA8 /* DBCppException+Private.h */,
				CFB207681ADBA54300F1ADA8 /* DBCppException+Private.mm */,
				CFB207691ADBA54300F1ADA8 /* DBDateRecord+Private.h */,
				CFB2076A1ADBA54300F1ADA8 /* DBDateRecord+Private.mm */,
				CFB2076B1ADBA54300F1ADA8 /* DBMapDateRecord+Private.h */,
				CFB2076C1ADBA54300F1ADA8 /* DBMapDateRecord+Private.mm */,
				CFB2076D1ADBA54300F1ADA8 /* DBMapListRecord+Private.h */,
				CFB2076E1ADBA54300F1ADA8 /* DBMapListRecord+Private.mm */,
				CFB2076F1ADBA54300F1ADA8 /* DBMapRecord+Private.h */,
				CFB207701ADBA54300F1ADA8 /* DBMapRecord+Private.mm */,
				CFB207711ADBA54300F1ADA8 /* DBNestedCollection+Private.h */,
				CFB207721ADBA54300F1ADA8 /* DBNestedCollection+Private.mm */,
				CFB207731ADBA54300F1ADA8 /* DBPrimitiveList+Private.h */,
				CFB207741ADBA54300F1ADA8 /* DBPrimitiveList+Private.mm */,
				CFB207751ADBA54300F1ADA8 /* DBRecordWithDerivings+Private.h */,
				CFB207761ADBA54300F1ADA8 /* DBRecordWithDerivings+Private.mm */,
				CFB207771ADBA54300F1ADA8 /* DBRecordWithNestedDerivings+Private.h */,
				CFB207781ADBA54300F1ADA8 /* DBRecordWithNestedDerivings+Private.mm */,
				CFB207791ADBA54300F1ADA8 /* DBSetRecord+Private.h */,
				CFB2077A1ADBA54300F1ADA8 /* DBSetRecord+Private.mm */,
				CFB2077B1ADBA54300F1ADA8 /* DBTestHelpers+Private.h */,
				CFB2077C1ADBA54300F1ADA8 /* DBTestHelpers+Private.mm */,
				CFB2077D1ADBA54300F1ADA8 /* DBToken+Private.h */,
				CFB2077E1ADBA54300F1ADA8 /* DBToken+Private.mm */,
			);
			name = "generated-objcpp";
			path = "../generated-src/objcpp";
			sourceTree = "<group>";
		};
/* End PBXGroup section */

/* Begin PBXNativeTarget section */
		65868B491989FE4200D60EEE /* DjinniObjcTest */ = {
			isa = PBXNativeTarget;
			buildConfigurationList = 65868B6D1989FE4200D60EEE /* Build configuration list for PBXNativeTarget "DjinniObjcTest" */;
			buildPhases = (
				65868B461989FE4200D60EEE /* Sources */,
				65868B471989FE4200D60EEE /* Frameworks */,
				65868B481989FE4200D60EEE /* CopyFiles */,
			);
			buildRules = (
			);
			dependencies = (
			);
			name = DjinniObjcTest;
			productName = DjinniObjcTest;
			productReference = 65868B4A1989FE4200D60EEE /* libDjinniObjcTest.a */;
			productType = "com.apple.product-type.library.static";
		};
		65868B591989FE4200D60EEE /* DjinniObjcTestTests */ = {
			isa = PBXNativeTarget;
			buildConfigurationList = 65868B701989FE4200D60EEE /* Build configuration list for PBXNativeTarget "DjinniObjcTestTests" */;
			buildPhases = (
				65868B561989FE4200D60EEE /* Sources */,
				65868B571989FE4200D60EEE /* Frameworks */,
				65868B581989FE4200D60EEE /* Resources */,
			);
			buildRules = (
			);
			dependencies = (
				65868B611989FE4200D60EEE /* PBXTargetDependency */,
			);
			name = DjinniObjcTestTests;
			productName = DjinniObjcTestTests;
			productReference = 65868B5A1989FE4200D60EEE /* DjinniObjcTestTests.xctest */;
			productType = "com.apple.product-type.bundle.unit-test";
		};
/* End PBXNativeTarget section */

/* Begin PBXProject section */
		65868B421989FE4200D60EEE /* Project object */ = {
			isa = PBXProject;
			attributes = {
				CLASSPREFIX = "";
				LastUpgradeCheck = 0510;
				ORGANIZATIONNAME = "Dropbox, Inc";
			};
			buildConfigurationList = 65868B451989FE4200D60EEE /* Build configuration list for PBXProject "DjinniObjcTest" */;
			compatibilityVersion = "Xcode 3.2";
			developmentRegion = English;
			hasScannedForEncodings = 0;
			knownRegions = (
				en,
			);
			mainGroup = 65868B411989FE4200D60EEE;
			productRefGroup = 65868B4B1989FE4200D60EEE /* Products */;
			projectDirPath = "";
			projectRoot = "";
			targets = (
				65868B491989FE4200D60EEE /* DjinniObjcTest */,
				65868B591989FE4200D60EEE /* DjinniObjcTestTests */,
			);
		};
/* End PBXProject section */

/* Begin PBXResourcesBuildPhase section */
		65868B581989FE4200D60EEE /* Resources */ = {
			isa = PBXResourcesBuildPhase;
			buildActionMask = 2147483647;
			files = (
			);
			runOnlyForDeploymentPostprocessing = 0;
		};
/* End PBXResourcesBuildPhase section */

/* Begin PBXSourcesBuildPhase section */
		65868B461989FE4200D60EEE /* Sources */ = {
			isa = PBXSourcesBuildPhase;
			buildActionMask = 2147483647;
			files = (
				CFB207931ADBA5C600F1ADA8 /* DJIError.mm in Sources */,
				CFB207941ADBA5C600F1ADA8 /* DJIWeakPtrWrapper.mm in Sources */,
				CFB207951ADBA5C600F1ADA8 /* assorted_integers.cpp in Sources */,
				CFB207961ADBA5C600F1ADA8 /* constants.cpp in Sources */,
				CFB207971ADBA5C600F1ADA8 /* record_with_derivings.cpp in Sources */,
				CFB207981ADBA5C600F1ADA8 /* record_with_nested_derivings.cpp in Sources */,
				CFB207991ADBA5C600F1ADA8 /* DBAssortedIntegers.mm in Sources */,
				CFB2079A1ADBA5C600F1ADA8 /* DBClientReturnedRecord.mm in Sources */,
				CFB2079B1ADBA5C600F1ADA8 /* DBConstants.mm in Sources */,
				CFB2079C1ADBA5C600F1ADA8 /* DBDateRecord.mm in Sources */,
				CFB2079D1ADBA5C600F1ADA8 /* DBMapDateRecord.mm in Sources */,
				CFB2079E1ADBA5C600F1ADA8 /* DBMapListRecord.mm in Sources */,
				CFB2079F1ADBA5C600F1ADA8 /* DBMapRecord.mm in Sources */,
				CFB207A01ADBA5C600F1ADA8 /* DBNestedCollection.mm in Sources */,
				CFB207A11ADBA5C600F1ADA8 /* DBPrimitiveList.mm in Sources */,
				CFB207A21ADBA5C600F1ADA8 /* DBRecordWithDerivings.mm in Sources */,
				CFB207A31ADBA5C600F1ADA8 /* DBRecordWithNestedDerivings.mm in Sources */,
				CFB207A41ADBA5C600F1ADA8 /* DBSetRecord.mm in Sources */,
				CFB207A51ADBA5C600F1ADA8 /* DBAssortedIntegers+Private.mm in Sources */,
				CFB207A61ADBA5C600F1ADA8 /* DBClientInterface+Private.mm in Sources */,
				CFB207A71ADBA5C600F1ADA8 /* DBClientReturnedRecord+Private.mm in Sources */,
				CFB207A81ADBA5C700F1ADA8 /* DBConstants+Private.mm in Sources */,
				CFB207A91ADBA5C700F1ADA8 /* DBCppException+Private.mm in Sources */,
				CFB207AA1ADBA5C700F1ADA8 /* DBDateRecord+Private.mm in Sources */,
				CFB207AB1ADBA5C700F1ADA8 /* DBMapDateRecord+Private.mm in Sources */,
				CFB207AC1ADBA5C700F1ADA8 /* DBMapListRecord+Private.mm in Sources */,
				CFB207AD1ADBA5C700F1ADA8 /* DBMapRecord+Private.mm in Sources */,
				CFB207AE1ADBA5C700F1ADA8 /* DBNestedCollection+Private.mm in Sources */,
				CFB207AF1ADBA5C700F1ADA8 /* DBPrimitiveList+Private.mm in Sources */,
				CFB207B01ADBA5C700F1ADA8 /* DBRecordWithDerivings+Private.mm in Sources */,
				CFB207B11ADBA5C700F1ADA8 /* DBRecordWithNestedDerivings+Private.mm in Sources */,
				CFB207B21ADBA5C700F1ADA8 /* DBSetRecord+Private.mm in Sources */,
				CFB207B31ADBA5C700F1ADA8 /* DBTestHelpers+Private.mm in Sources */,
				CFB207B41ADBA5C700F1ADA8 /* DBToken+Private.mm in Sources */,
				CFB2078F1ADBA59600F1ADA8 /* test_helpers.cpp in Sources */,
				CFB207901ADBA59600F1ADA8 /* cpp_exception_impl.cpp in Sources */,
				CFB207911ADBA59600F1ADA8 /* DBClientInterfaceImpl.mm in Sources */,
			);
			runOnlyForDeploymentPostprocessing = 0;
		};
		65868B561989FE4200D60EEE /* Sources */ = {
			isa = PBXSourcesBuildPhase;
			buildActionMask = 2147483647;
			files = (
				CFB207921ADBA5A000F1ADA8 /* DBDateRecordTests.mm in Sources */,
				6D66A8A91A3B09F000B312E8 /* DBConstantTests.mm in Sources */,
				6536CD9219A6C9A800DD7715 /* DBRecordWithDerivingsCppTests.mm in Sources */,
				6536CD9119A6C9A800DD7715 /* DBPrimitiveListTests.mm in Sources */,
				6536CD8D19A6C9A800DD7715 /* DBClientInterfaceTests.mm in Sources */,
				6536CD8E19A6C9A800DD7715 /* DBCppExceptionTests.mm in Sources */,
				6536CD9319A6C9A800DD7715 /* DBRecordWithDerivingsObjcTests.mm in Sources */,
				6536CD9019A6C9A800DD7715 /* DBNestedCollectionTests.mm in Sources */,
				6536CD8F19A6C9A800DD7715 /* DBMapRecordTests.mm in Sources */,
				6536CD9419A6C9A800DD7715 /* DBSetRecordTests.mm in Sources */,
			);
			runOnlyForDeploymentPostprocessing = 0;
		};
/* End PBXSourcesBuildPhase section */

/* Begin PBXTargetDependency section */
		65868B611989FE4200D60EEE /* PBXTargetDependency */ = {
			isa = PBXTargetDependency;
			target = 65868B491989FE4200D60EEE /* DjinniObjcTest */;
			targetProxy = 65868B601989FE4200D60EEE /* PBXContainerItemProxy */;
		};
/* End PBXTargetDependency section */

/* Begin PBXVariantGroup section */
		6536CD8219A6C99800DD7715 /* InfoPlist.strings */ = {
			isa = PBXVariantGroup;
			children = (
				6536CD8319A6C99800DD7715 /* en */,
			);
			name = InfoPlist.strings;
			sourceTree = "<group>";
		};
/* End PBXVariantGroup section */

/* Begin XCBuildConfiguration section */
		65868B6B1989FE4200D60EEE /* Debug */ = {
			isa = XCBuildConfiguration;
			buildSettings = {
				ALWAYS_SEARCH_USER_PATHS = NO;
				CLANG_CXX_LANGUAGE_STANDARD = "c++14";
				CLANG_CXX_LIBRARY = "libc++";
				CLANG_ENABLE_MODULES = YES;
				CLANG_ENABLE_OBJC_ARC = YES;
				CLANG_WARN_BOOL_CONVERSION = YES;
				CLANG_WARN_CONSTANT_CONVERSION = YES;
				CLANG_WARN_DIRECT_OBJC_ISA_USAGE = YES_ERROR;
				CLANG_WARN_EMPTY_BODY = YES;
				CLANG_WARN_ENUM_CONVERSION = YES;
				CLANG_WARN_INT_CONVERSION = YES;
				CLANG_WARN_OBJC_ROOT_CLASS = YES_ERROR;
				CLANG_WARN__DUPLICATE_METHOD_MATCH = YES;
				COPY_PHASE_STRIP = NO;
				GCC_C_LANGUAGE_STANDARD = gnu99;
				GCC_DYNAMIC_NO_PIC = NO;
				GCC_OPTIMIZATION_LEVEL = 0;
				GCC_PREPROCESSOR_DEFINITIONS = (
					"DEBUG=1",
					"$(inherited)",
				);
				GCC_SYMBOLS_PRIVATE_EXTERN = NO;
				GCC_WARN_64_TO_32_BIT_CONVERSION = YES;
				GCC_WARN_ABOUT_RETURN_TYPE = YES_ERROR;
				GCC_WARN_UNDECLARED_SELECTOR = YES;
				GCC_WARN_UNINITIALIZED_AUTOS = YES_AGGRESSIVE;
				GCC_WARN_UNUSED_FUNCTION = YES;
				GCC_WARN_UNUSED_VARIABLE = YES;
				HEADER_SEARCH_PATHS = (
					"$(inherited)",
					/Applications/Xcode.app/Contents/Developer/Toolchains/XcodeDefault.xctoolchain/usr/include,
					"$(SRCROOT)/DjinniObjcTest/objc",
					"$(SRCROOT)/DjinniObjcTest/cpp",
					"$(SRCROOT)/DjinniObjcTest/objcpp",
				);
				IPHONEOS_DEPLOYMENT_TARGET = 7.1;
				ONLY_ACTIVE_ARCH = YES;
				SDKROOT = iphoneos;
			};
			name = Debug;
		};
		65868B6C1989FE4200D60EEE /* Release */ = {
			isa = XCBuildConfiguration;
			buildSettings = {
				ALWAYS_SEARCH_USER_PATHS = NO;
				CLANG_CXX_LANGUAGE_STANDARD = "c++14";
				CLANG_CXX_LIBRARY = "libc++";
				CLANG_ENABLE_MODULES = YES;
				CLANG_ENABLE_OBJC_ARC = YES;
				CLANG_WARN_BOOL_CONVERSION = YES;
				CLANG_WARN_CONSTANT_CONVERSION = YES;
				CLANG_WARN_DIRECT_OBJC_ISA_USAGE = YES_ERROR;
				CLANG_WARN_EMPTY_BODY = YES;
				CLANG_WARN_ENUM_CONVERSION = YES;
				CLANG_WARN_INT_CONVERSION = YES;
				CLANG_WARN_OBJC_ROOT_CLASS = YES_ERROR;
				CLANG_WARN__DUPLICATE_METHOD_MATCH = YES;
				COPY_PHASE_STRIP = YES;
				ENABLE_NS_ASSERTIONS = NO;
				GCC_C_LANGUAGE_STANDARD = gnu99;
				GCC_WARN_64_TO_32_BIT_CONVERSION = YES;
				GCC_WARN_ABOUT_RETURN_TYPE = YES_ERROR;
				GCC_WARN_UNDECLARED_SELECTOR = YES;
				GCC_WARN_UNINITIALIZED_AUTOS = YES_AGGRESSIVE;
				GCC_WARN_UNUSED_FUNCTION = YES;
				GCC_WARN_UNUSED_VARIABLE = YES;
				HEADER_SEARCH_PATHS = (
					"$(inherited)",
					/Applications/Xcode.app/Contents/Developer/Toolchains/XcodeDefault.xctoolchain/usr/include,
					"$(SRCROOT)/DjinniObjcTest/objc",
					"$(SRCROOT)/DjinniObjcTest/cpp",
					"$(SRCROOT)/DjinniObjcTest/objcpp",
				);
				IPHONEOS_DEPLOYMENT_TARGET = 7.1;
				SDKROOT = iphoneos;
				VALIDATE_PRODUCT = YES;
			};
			name = Release;
		};
		65868B6E1989FE4200D60EEE /* Debug */ = {
			isa = XCBuildConfiguration;
			buildSettings = {
				CLANG_CXX_LANGUAGE_STANDARD = "c++14";
				DSTROOT = /tmp/DjinniObjcTest.dst;
				GCC_PRECOMPILE_PREFIX_HEADER = NO;
				OTHER_CPLUSPLUSFLAGS = (
					"-std=c++1y",
					"$(OTHER_CFLAGS)",
				);
				OTHER_LDFLAGS = "-ObjC";
				PRODUCT_NAME = DjinniObjcTest;
				SKIP_INSTALL = YES;
				VERSIONING_SYSTEM = "";
				WARNING_CFLAGS = (
					"-Wextra",
					"-Wall",
				);
			};
			name = Debug;
		};
		65868B6F1989FE4200D60EEE /* Release */ = {
			isa = XCBuildConfiguration;
			buildSettings = {
				CLANG_CXX_LANGUAGE_STANDARD = "c++14";
				DSTROOT = /tmp/DjinniObjcTest.dst;
				GCC_PRECOMPILE_PREFIX_HEADER = NO;
				OTHER_CPLUSPLUSFLAGS = (
					"-std=c++1y",
					"$(OTHER_CFLAGS)",
				);
				OTHER_LDFLAGS = "-ObjC";
				PRODUCT_NAME = DjinniObjcTest;
				SKIP_INSTALL = YES;
				VERSIONING_SYSTEM = "";
				WARNING_CFLAGS = (
					"-Wextra",
					"-Wall",
				);
			};
			name = Release;
		};
		65868B711989FE4200D60EEE /* Debug */ = {
			isa = XCBuildConfiguration;
			buildSettings = {
				FRAMEWORK_SEARCH_PATHS = (
					"$(SDKROOT)/Developer/Library/Frameworks",
					"$(inherited)",
					"$(DEVELOPER_FRAMEWORKS_DIR)",
				);
				GCC_PRECOMPILE_PREFIX_HEADER = NO;
				GCC_PREFIX_HEADER = "";
				GCC_PREPROCESSOR_DEFINITIONS = (
					"DEBUG=1",
					"$(inherited)",
				);
				INFOPLIST_FILE = "../handwritten-src/objc/tests/DjinniObjcTestTests-Info.plist";
				PRODUCT_NAME = DjinniObjcTestTests;
				WARNING_CFLAGS = (
					"-Wextra",
					"-Wall",
				);
				WRAPPER_EXTENSION = xctest;
			};
			name = Debug;
		};
		65868B721989FE4200D60EEE /* Release */ = {
			isa = XCBuildConfiguration;
			buildSettings = {
				FRAMEWORK_SEARCH_PATHS = (
					"$(SDKROOT)/Developer/Library/Frameworks",
					"$(inherited)",
					"$(DEVELOPER_FRAMEWORKS_DIR)",
				);
				GCC_PRECOMPILE_PREFIX_HEADER = NO;
				GCC_PREFIX_HEADER = "";
				INFOPLIST_FILE = "../handwritten-src/objc/tests/DjinniObjcTestTests-Info.plist";
				PRODUCT_NAME = DjinniObjcTestTests;
				WARNING_CFLAGS = (
					"-Wextra",
					"-Wall",
				);
				WRAPPER_EXTENSION = xctest;
			};
			name = Release;
		};
/* End XCBuildConfiguration section */

/* Begin XCConfigurationList section */
		65868B451989FE4200D60EEE /* Build configuration list for PBXProject "DjinniObjcTest" */ = {
			isa = XCConfigurationList;
			buildConfigurations = (
				65868B6B1989FE4200D60EEE /* Debug */,
				65868B6C1989FE4200D60EEE /* Release */,
			);
			defaultConfigurationIsVisible = 0;
			defaultConfigurationName = Release;
		};
		65868B6D1989FE4200D60EEE /* Build configuration list for PBXNativeTarget "DjinniObjcTest" */ = {
			isa = XCConfigurationList;
			buildConfigurations = (
				65868B6E1989FE4200D60EEE /* Debug */,
				65868B6F1989FE4200D60EEE /* Release */,
			);
			defaultConfigurationIsVisible = 0;
			defaultConfigurationName = Release;
		};
		65868B701989FE4200D60EEE /* Build configuration list for PBXNativeTarget "DjinniObjcTestTests" */ = {
			isa = XCConfigurationList;
			buildConfigurations = (
				65868B711989FE4200D60EEE /* Debug */,
				65868B721989FE4200D60EEE /* Release */,
			);
			defaultConfigurationIsVisible = 0;
			defaultConfigurationName = Release;
		};
/* End XCConfigurationList section */
	};
	rootObject = 65868B421989FE4200D60EEE /* Project object */;
}
