// !$*UTF8*$!
{
	archiveVersion = 1;
	classes = {
	};
	objectVersion = 46;
	objects = {

/* Begin PBXBuildFile section */
		6536CD6F19A6C82200DD7715 /* DJIWeakPtrWrapper.mm in Sources */ = {isa = PBXBuildFile; fileRef = 6536CD6C19A6C82200DD7715 /* DJIWeakPtrWrapper.mm */; };
		6536CD7419A6C96C00DD7715 /* DBClientInterfaceImpl.mm in Sources */ = {isa = PBXBuildFile; fileRef = 6536CD7219A6C96C00DD7715 /* DBClientInterfaceImpl.mm */; };
		6536CD7819A6C98800DD7715 /* cpp_exception_impl.cpp in Sources */ = {isa = PBXBuildFile; fileRef = 6536CD7619A6C98800DD7715 /* cpp_exception_impl.cpp */; };
		6536CD8D19A6C9A800DD7715 /* DBClientInterfaceTests.mm in Sources */ = {isa = PBXBuildFile; fileRef = 6536CD7A19A6C99800DD7715 /* DBClientInterfaceTests.mm */; };
		6536CD8E19A6C9A800DD7715 /* DBCppExceptionTests.mm in Sources */ = {isa = PBXBuildFile; fileRef = 6536CD7B19A6C99800DD7715 /* DBCppExceptionTests.mm */; };
		6536CD8F19A6C9A800DD7715 /* DBMapRecordTests.mm in Sources */ = {isa = PBXBuildFile; fileRef = 6536CD7C19A6C99800DD7715 /* DBMapRecordTests.mm */; };
		6536CD9019A6C9A800DD7715 /* DBNestedCollectionTests.mm in Sources */ = {isa = PBXBuildFile; fileRef = 6536CD7D19A6C99800DD7715 /* DBNestedCollectionTests.mm */; };
		6536CD9119A6C9A800DD7715 /* DBPrimitiveListTests.mm in Sources */ = {isa = PBXBuildFile; fileRef = 6536CD7E19A6C99800DD7715 /* DBPrimitiveListTests.mm */; };
		6536CD9219A6C9A800DD7715 /* DBRecordWithDerivingsCppTests.mm in Sources */ = {isa = PBXBuildFile; fileRef = 6536CD7F19A6C99800DD7715 /* DBRecordWithDerivingsCppTests.mm */; };
		6536CD9319A6C9A800DD7715 /* DBRecordWithDerivingsObjcTests.mm in Sources */ = {isa = PBXBuildFile; fileRef = 6536CD8019A6C99800DD7715 /* DBRecordWithDerivingsObjcTests.mm */; };
		6536CD9419A6C9A800DD7715 /* DBSetRecordTests.mm in Sources */ = {isa = PBXBuildFile; fileRef = 6536CD8119A6C99800DD7715 /* DBSetRecordTests.mm */; };
		65868B4E1989FE4200D60EEE /* Foundation.framework in Frameworks */ = {isa = PBXBuildFile; fileRef = 65868B4D1989FE4200D60EEE /* Foundation.framework */; };
		65868B5C1989FE4200D60EEE /* XCTest.framework in Frameworks */ = {isa = PBXBuildFile; fileRef = 65868B5B1989FE4200D60EEE /* XCTest.framework */; };
		65868B5D1989FE4200D60EEE /* Foundation.framework in Frameworks */ = {isa = PBXBuildFile; fileRef = 65868B4D1989FE4200D60EEE /* Foundation.framework */; };
		65868B5F1989FE4200D60EEE /* UIKit.framework in Frameworks */ = {isa = PBXBuildFile; fileRef = 65868B5E1989FE4200D60EEE /* UIKit.framework */; };
		65868B621989FE4200D60EEE /* libDjinniObjcTest.a in Frameworks */ = {isa = PBXBuildFile; fileRef = 65868B4A1989FE4200D60EEE /* libDjinniObjcTest.a */; };
		65BAE70319A6C7100035F775 /* record_with_derivings.cpp in Sources */ = {isa = PBXBuildFile; fileRef = 65BAE6DE19A6C7100035F775 /* record_with_derivings.cpp */; };
		65BAE70419A6C7100035F775 /* record_with_nested_derivings.cpp in Sources */ = {isa = PBXBuildFile; fileRef = 65BAE6E019A6C7100035F775 /* record_with_nested_derivings.cpp */; };
		65BAE70519A6C7100035F775 /* DBClientInterfaceObjcProxy.mm in Sources */ = {isa = PBXBuildFile; fileRef = 65BAE6E619A6C7100035F775 /* DBClientInterfaceObjcProxy.mm */; };
		65BAE70619A6C7100035F775 /* DBClientReturnedRecord.mm in Sources */ = {isa = PBXBuildFile; fileRef = 65BAE6E919A6C7100035F775 /* DBClientReturnedRecord.mm */; };
		65BAE70719A6C7100035F775 /* DBCppExceptionCppProxy.mm in Sources */ = {isa = PBXBuildFile; fileRef = 65BAE6ED19A6C7100035F775 /* DBCppExceptionCppProxy.mm */; };
		65BAE70819A6C7100035F775 /* DBMapListRecord.mm in Sources */ = {isa = PBXBuildFile; fileRef = 65BAE6F019A6C7100035F775 /* DBMapListRecord.mm */; };
		65BAE70919A6C7100035F775 /* DBMapRecord.mm in Sources */ = {isa = PBXBuildFile; fileRef = 65BAE6F319A6C7100035F775 /* DBMapRecord.mm */; };
		65BAE70A19A6C7100035F775 /* DBNestedCollection.mm in Sources */ = {isa = PBXBuildFile; fileRef = 65BAE6F619A6C7100035F775 /* DBNestedCollection.mm */; };
		65BAE70B19A6C7100035F775 /* DBPrimitiveList.mm in Sources */ = {isa = PBXBuildFile; fileRef = 65BAE6F919A6C7100035F775 /* DBPrimitiveList.mm */; };
		65BAE70C19A6C7100035F775 /* DBRecordWithDerivings.mm in Sources */ = {isa = PBXBuildFile; fileRef = 65BAE6FC19A6C7100035F775 /* DBRecordWithDerivings.mm */; };
		65BAE70D19A6C7100035F775 /* DBRecordWithNestedDerivings.mm in Sources */ = {isa = PBXBuildFile; fileRef = 65BAE6FF19A6C7100035F775 /* DBRecordWithNestedDerivings.mm */; };
		65BAE70E19A6C7100035F775 /* DBSetRecord.mm in Sources */ = {isa = PBXBuildFile; fileRef = 65BAE70219A6C7100035F775 /* DBSetRecord.mm */; };
		A2059B6219DF7DDE006A2896 /* DBColorTranslator.mm in Sources */ = {isa = PBXBuildFile; fileRef = A2059B6019DF7DDE006A2896 /* DBColorTranslator.mm */; };
		A227B6A91A0D79F10003BBAC /* assorted_integers.cpp in Sources */ = {isa = PBXBuildFile; fileRef = A227B6A71A0D79F10003BBAC /* assorted_integers.cpp */; };
		A227B6AD1A0D7A290003BBAC /* DBAssortedIntegers.mm in Sources */ = {isa = PBXBuildFile; fileRef = A227B6AB1A0D7A290003BBAC /* DBAssortedIntegers.mm */; };
		A278D45019BA33CB006FD937 /* DBTestHelpersCppProxy.mm in Sources */ = {isa = PBXBuildFile; fileRef = A278D44E19BA33CB006FD937 /* DBTestHelpersCppProxy.mm */; };
		A278D45319BA3601006FD937 /* test_helpers.cpp in Sources */ = {isa = PBXBuildFile; fileRef = A278D45219BA3601006FD937 /* test_helpers.cpp */; };
		A2CB54B419BA6E6000A9E600 /* DJIError.mm in Sources */ = {isa = PBXBuildFile; fileRef = A2CB54B319BA6E6000A9E600 /* DJIError.mm */; };
/* End PBXBuildFile section */

/* Begin PBXContainerItemProxy section */
		65868B601989FE4200D60EEE /* PBXContainerItemProxy */ = {
			isa = PBXContainerItemProxy;
			containerPortal = 65868B421989FE4200D60EEE /* Project object */;
			proxyType = 1;
			remoteGlobalIDString = 65868B491989FE4200D60EEE;
			remoteInfo = DjinniObjcTest;
		};
/* End PBXContainerItemProxy section */

/* Begin PBXCopyFilesBuildPhase section */
		65868B481989FE4200D60EEE /* CopyFiles */ = {
			isa = PBXCopyFilesBuildPhase;
			buildActionMask = 2147483647;
			dstPath = "include/$(PRODUCT_NAME)";
			dstSubfolderSpec = 16;
			files = (
			);
			runOnlyForDeploymentPostprocessing = 0;
		};
/* End PBXCopyFilesBuildPhase section */

/* Begin PBXFileReference section */
		6536CD6A19A6C82200DD7715 /* DJIError.h */ = {isa = PBXFileReference; fileEncoding = 4; lastKnownFileType = sourcecode.c.h; path = DJIError.h; sourceTree = "<group>"; };
		6536CD6B19A6C82200DD7715 /* DJIWeakPtrWrapper+Private.h */ = {isa = PBXFileReference; fileEncoding = 4; lastKnownFileType = sourcecode.c.h; path = "DJIWeakPtrWrapper+Private.h"; sourceTree = "<group>"; };
		6536CD6C19A6C82200DD7715 /* DJIWeakPtrWrapper.mm */ = {isa = PBXFileReference; fileEncoding = 4; lastKnownFileType = sourcecode.cpp.objcpp; path = DJIWeakPtrWrapper.mm; sourceTree = "<group>"; };
		6536CD6D19A6C82200DD7715 /* DJICppWrapperCache+Private.h */ = {isa = PBXFileReference; fileEncoding = 4; lastKnownFileType = sourcecode.c.h; path = "DJICppWrapperCache+Private.h"; sourceTree = "<group>"; };
		6536CD6E19A6C82200DD7715 /* DJIObjcWrapperCache+Private.h */ = {isa = PBXFileReference; fileEncoding = 4; lastKnownFileType = sourcecode.c.h; path = "DJIObjcWrapperCache+Private.h"; sourceTree = "<group>"; };
		6536CD7119A6C96C00DD7715 /* DBClientInterfaceImpl.h */ = {isa = PBXFileReference; fileEncoding = 4; lastKnownFileType = sourcecode.c.h; path = DBClientInterfaceImpl.h; sourceTree = "<group>"; };
		6536CD7219A6C96C00DD7715 /* DBClientInterfaceImpl.mm */ = {isa = PBXFileReference; fileEncoding = 4; lastKnownFileType = sourcecode.cpp.objcpp; path = DBClientInterfaceImpl.mm; sourceTree = "<group>"; };
		6536CD7619A6C98800DD7715 /* cpp_exception_impl.cpp */ = {isa = PBXFileReference; fileEncoding = 4; lastKnownFileType = sourcecode.cpp.cpp; path = cpp_exception_impl.cpp; sourceTree = "<group>"; };
		6536CD7719A6C98800DD7715 /* cpp_exception_impl.hpp */ = {isa = PBXFileReference; fileEncoding = 4; lastKnownFileType = sourcecode.cpp.h; path = cpp_exception_impl.hpp; sourceTree = "<group>"; };
		6536CD7A19A6C99800DD7715 /* DBClientInterfaceTests.mm */ = {isa = PBXFileReference; fileEncoding = 4; lastKnownFileType = sourcecode.cpp.objcpp; path = DBClientInterfaceTests.mm; sourceTree = "<group>"; };
		6536CD7B19A6C99800DD7715 /* DBCppExceptionTests.mm */ = {isa = PBXFileReference; fileEncoding = 4; lastKnownFileType = sourcecode.cpp.objcpp; path = DBCppExceptionTests.mm; sourceTree = "<group>"; };
		6536CD7C19A6C99800DD7715 /* DBMapRecordTests.mm */ = {isa = PBXFileReference; fileEncoding = 4; lastKnownFileType = sourcecode.cpp.objcpp; path = DBMapRecordTests.mm; sourceTree = "<group>"; };
		6536CD7D19A6C99800DD7715 /* DBNestedCollectionTests.mm */ = {isa = PBXFileReference; fileEncoding = 4; lastKnownFileType = sourcecode.cpp.objcpp; path = DBNestedCollectionTests.mm; sourceTree = "<group>"; };
		6536CD7E19A6C99800DD7715 /* DBPrimitiveListTests.mm */ = {isa = PBXFileReference; fileEncoding = 4; lastKnownFileType = sourcecode.cpp.objcpp; path = DBPrimitiveListTests.mm; sourceTree = "<group>"; };
		6536CD7F19A6C99800DD7715 /* DBRecordWithDerivingsCppTests.mm */ = {isa = PBXFileReference; fileEncoding = 4; lastKnownFileType = sourcecode.cpp.objcpp; path = DBRecordWithDerivingsCppTests.mm; sourceTree = "<group>"; };
		6536CD8019A6C99800DD7715 /* DBRecordWithDerivingsObjcTests.mm */ = {isa = PBXFileReference; fileEncoding = 4; lastKnownFileType = sourcecode.cpp.objcpp; path = DBRecordWithDerivingsObjcTests.mm; sourceTree = "<group>"; };
		6536CD8119A6C99800DD7715 /* DBSetRecordTests.mm */ = {isa = PBXFileReference; fileEncoding = 4; lastKnownFileType = sourcecode.cpp.objcpp; path = DBSetRecordTests.mm; sourceTree = "<group>"; };
		6536CD8319A6C99800DD7715 /* en */ = {isa = PBXFileReference; lastKnownFileType = text.plist.strings; name = en; path = en.lproj/InfoPlist.strings; sourceTree = "<group>"; };
		6536CD8419A6C99800DD7715 /* DjinniObjcTestTests-Info.plist */ = {isa = PBXFileReference; fileEncoding = 4; lastKnownFileType = text.plist.xml; path = "DjinniObjcTestTests-Info.plist"; sourceTree = "<group>"; };
		65868B4A1989FE4200D60EEE /* libDjinniObjcTest.a */ = {isa = PBXFileReference; explicitFileType = archive.ar; includeInIndex = 0; path = libDjinniObjcTest.a; sourceTree = BUILT_PRODUCTS_DIR; };
		65868B4D1989FE4200D60EEE /* Foundation.framework */ = {isa = PBXFileReference; lastKnownFileType = wrapper.framework; name = Foundation.framework; path = System/Library/Frameworks/Foundation.framework; sourceTree = SDKROOT; };
		65868B5A1989FE4200D60EEE /* DjinniObjcTestTests.xctest */ = {isa = PBXFileReference; explicitFileType = wrapper.cfbundle; includeInIndex = 0; path = DjinniObjcTestTests.xctest; sourceTree = BUILT_PRODUCTS_DIR; };
		65868B5B1989FE4200D60EEE /* XCTest.framework */ = {isa = PBXFileReference; lastKnownFileType = wrapper.framework; name = XCTest.framework; path = Library/Frameworks/XCTest.framework; sourceTree = DEVELOPER_DIR; };
		65868B5E1989FE4200D60EEE /* UIKit.framework */ = {isa = PBXFileReference; lastKnownFileType = wrapper.framework; name = UIKit.framework; path = Library/Frameworks/UIKit.framework; sourceTree = DEVELOPER_DIR; };
		65BAE6D719A6C7100035F775 /* client_interface.hpp */ = {isa = PBXFileReference; fileEncoding = 4; lastKnownFileType = sourcecode.cpp.h; path = client_interface.hpp; sourceTree = "<group>"; };
		65BAE6D819A6C7100035F775 /* client_returned_record.hpp */ = {isa = PBXFileReference; fileEncoding = 4; lastKnownFileType = sourcecode.cpp.h; path = client_returned_record.hpp; sourceTree = "<group>"; };
		65BAE6D919A6C7100035F775 /* cpp_exception.hpp */ = {isa = PBXFileReference; fileEncoding = 4; lastKnownFileType = sourcecode.cpp.h; path = cpp_exception.hpp; sourceTree = "<group>"; };
		65BAE6DA19A6C7100035F775 /* map_list_record.hpp */ = {isa = PBXFileReference; fileEncoding = 4; lastKnownFileType = sourcecode.cpp.h; path = map_list_record.hpp; sourceTree = "<group>"; };
		65BAE6DB19A6C7100035F775 /* map_record.hpp */ = {isa = PBXFileReference; fileEncoding = 4; lastKnownFileType = sourcecode.cpp.h; path = map_record.hpp; sourceTree = "<group>"; };
		65BAE6DC19A6C7100035F775 /* nested_collection.hpp */ = {isa = PBXFileReference; fileEncoding = 4; lastKnownFileType = sourcecode.cpp.h; path = nested_collection.hpp; sourceTree = "<group>"; };
		65BAE6DD19A6C7100035F775 /* primitive_list.hpp */ = {isa = PBXFileReference; fileEncoding = 4; lastKnownFileType = sourcecode.cpp.h; path = primitive_list.hpp; sourceTree = "<group>"; };
		65BAE6DE19A6C7100035F775 /* record_with_derivings.cpp */ = {isa = PBXFileReference; fileEncoding = 4; lastKnownFileType = sourcecode.cpp.cpp; path = record_with_derivings.cpp; sourceTree = "<group>"; };
		65BAE6DF19A6C7100035F775 /* record_with_derivings.hpp */ = {isa = PBXFileReference; fileEncoding = 4; lastKnownFileType = sourcecode.cpp.h; path = record_with_derivings.hpp; sourceTree = "<group>"; };
		65BAE6E019A6C7100035F775 /* record_with_nested_derivings.cpp */ = {isa = PBXFileReference; fileEncoding = 4; lastKnownFileType = sourcecode.cpp.cpp; path = record_with_nested_derivings.cpp; sourceTree = "<group>"; };
		65BAE6E119A6C7100035F775 /* record_with_nested_derivings.hpp */ = {isa = PBXFileReference; fileEncoding = 4; lastKnownFileType = sourcecode.cpp.h; path = record_with_nested_derivings.hpp; sourceTree = "<group>"; };
		65BAE6E219A6C7100035F775 /* set_record.hpp */ = {isa = PBXFileReference; fileEncoding = 4; lastKnownFileType = sourcecode.cpp.h; path = set_record.hpp; sourceTree = "<group>"; };
		65BAE6E419A6C7100035F775 /* DBClientInterface.h */ = {isa = PBXFileReference; fileEncoding = 4; lastKnownFileType = sourcecode.c.h; path = DBClientInterface.h; sourceTree = "<group>"; };
		65BAE6E519A6C7100035F775 /* DBClientInterfaceObjcProxy+Private.h */ = {isa = PBXFileReference; fileEncoding = 4; lastKnownFileType = sourcecode.c.h; path = "DBClientInterfaceObjcProxy+Private.h"; sourceTree = "<group>"; };
		65BAE6E619A6C7100035F775 /* DBClientInterfaceObjcProxy.mm */ = {isa = PBXFileReference; fileEncoding = 4; lastKnownFileType = sourcecode.cpp.objcpp; path = DBClientInterfaceObjcProxy.mm; sourceTree = "<group>"; };
		65BAE6E719A6C7100035F775 /* DBClientReturnedRecord+Private.h */ = {isa = PBXFileReference; fileEncoding = 4; lastKnownFileType = sourcecode.c.h; path = "DBClientReturnedRecord+Private.h"; sourceTree = "<group>"; };
		65BAE6E819A6C7100035F775 /* DBClientReturnedRecord.h */ = {isa = PBXFileReference; fileEncoding = 4; lastKnownFileType = sourcecode.c.h; path = DBClientReturnedRecord.h; sourceTree = "<group>"; };
		65BAE6E919A6C7100035F775 /* DBClientReturnedRecord.mm */ = {isa = PBXFileReference; fileEncoding = 4; lastKnownFileType = sourcecode.cpp.objcpp; path = DBClientReturnedRecord.mm; sourceTree = "<group>"; };
		65BAE6EA19A6C7100035F775 /* DBCppException.h */ = {isa = PBXFileReference; fileEncoding = 4; lastKnownFileType = sourcecode.c.h; path = DBCppException.h; sourceTree = "<group>"; };
		65BAE6EB19A6C7100035F775 /* DBCppExceptionCppProxy+Private.h */ = {isa = PBXFileReference; fileEncoding = 4; lastKnownFileType = sourcecode.c.h; path = "DBCppExceptionCppProxy+Private.h"; sourceTree = "<group>"; };
		65BAE6EC19A6C7100035F775 /* DBCppExceptionCppProxy.h */ = {isa = PBXFileReference; fileEncoding = 4; lastKnownFileType = sourcecode.c.h; path = DBCppExceptionCppProxy.h; sourceTree = "<group>"; };
		65BAE6ED19A6C7100035F775 /* DBCppExceptionCppProxy.mm */ = {isa = PBXFileReference; fileEncoding = 4; lastKnownFileType = sourcecode.cpp.objcpp; path = DBCppExceptionCppProxy.mm; sourceTree = "<group>"; };
		65BAE6EE19A6C7100035F775 /* DBMapListRecord+Private.h */ = {isa = PBXFileReference; fileEncoding = 4; lastKnownFileType = sourcecode.c.h; path = "DBMapListRecord+Private.h"; sourceTree = "<group>"; };
		65BAE6EF19A6C7100035F775 /* DBMapListRecord.h */ = {isa = PBXFileReference; fileEncoding = 4; lastKnownFileType = sourcecode.c.h; path = DBMapListRecord.h; sourceTree = "<group>"; };
		65BAE6F019A6C7100035F775 /* DBMapListRecord.mm */ = {isa = PBXFileReference; fileEncoding = 4; lastKnownFileType = sourcecode.cpp.objcpp; path = DBMapListRecord.mm; sourceTree = "<group>"; };
		65BAE6F119A6C7100035F775 /* DBMapRecord+Private.h */ = {isa = PBXFileReference; fileEncoding = 4; lastKnownFileType = sourcecode.c.h; path = "DBMapRecord+Private.h"; sourceTree = "<group>"; };
		65BAE6F219A6C7100035F775 /* DBMapRecord.h */ = {isa = PBXFileReference; fileEncoding = 4; lastKnownFileType = sourcecode.c.h; path = DBMapRecord.h; sourceTree = "<group>"; };
		65BAE6F319A6C7100035F775 /* DBMapRecord.mm */ = {isa = PBXFileReference; fileEncoding = 4; lastKnownFileType = sourcecode.cpp.objcpp; path = DBMapRecord.mm; sourceTree = "<group>"; };
		65BAE6F419A6C7100035F775 /* DBNestedCollection+Private.h */ = {isa = PBXFileReference; fileEncoding = 4; lastKnownFileType = sourcecode.c.h; path = "DBNestedCollection+Private.h"; sourceTree = "<group>"; };
		65BAE6F519A6C7100035F775 /* DBNestedCollection.h */ = {isa = PBXFileReference; fileEncoding = 4; lastKnownFileType = sourcecode.c.h; path = DBNestedCollection.h; sourceTree = "<group>"; };
		65BAE6F619A6C7100035F775 /* DBNestedCollection.mm */ = {isa = PBXFileReference; fileEncoding = 4; lastKnownFileType = sourcecode.cpp.objcpp; path = DBNestedCollection.mm; sourceTree = "<group>"; };
		65BAE6F719A6C7100035F775 /* DBPrimitiveList+Private.h */ = {isa = PBXFileReference; fileEncoding = 4; lastKnownFileType = sourcecode.c.h; path = "DBPrimitiveList+Private.h"; sourceTree = "<group>"; };
		65BAE6F819A6C7100035F775 /* DBPrimitiveList.h */ = {isa = PBXFileReference; fileEncoding = 4; lastKnownFileType = sourcecode.c.h; path = DBPrimitiveList.h; sourceTree = "<group>"; };
		65BAE6F919A6C7100035F775 /* DBPrimitiveList.mm */ = {isa = PBXFileReference; fileEncoding = 4; lastKnownFileType = sourcecode.cpp.objcpp; path = DBPrimitiveList.mm; sourceTree = "<group>"; };
		65BAE6FA19A6C7100035F775 /* DBRecordWithDerivings+Private.h */ = {isa = PBXFileReference; fileEncoding = 4; lastKnownFileType = sourcecode.c.h; path = "DBRecordWithDerivings+Private.h"; sourceTree = "<group>"; };
		65BAE6FB19A6C7100035F775 /* DBRecordWithDerivings.h */ = {isa = PBXFileReference; fileEncoding = 4; lastKnownFileType = sourcecode.c.h; path = DBRecordWithDerivings.h; sourceTree = "<group>"; };
		65BAE6FC19A6C7100035F775 /* DBRecordWithDerivings.mm */ = {isa = PBXFileReference; fileEncoding = 4; lastKnownFileType = sourcecode.cpp.objcpp; path = DBRecordWithDerivings.mm; sourceTree = "<group>"; };
		65BAE6FD19A6C7100035F775 /* DBRecordWithNestedDerivings+Private.h */ = {isa = PBXFileReference; fileEncoding = 4; lastKnownFileType = sourcecode.c.h; path = "DBRecordWithNestedDerivings+Private.h"; sourceTree = "<group>"; };
		65BAE6FE19A6C7100035F775 /* DBRecordWithNestedDerivings.h */ = {isa = PBXFileReference; fileEncoding = 4; lastKnownFileType = sourcecode.c.h; path = DBRecordWithNestedDerivings.h; sourceTree = "<group>"; };
		65BAE6FF19A6C7100035F775 /* DBRecordWithNestedDerivings.mm */ = {isa = PBXFileReference; fileEncoding = 4; lastKnownFileType = sourcecode.cpp.objcpp; path = DBRecordWithNestedDerivings.mm; sourceTree = "<group>"; };
		65BAE70019A6C7100035F775 /* DBSetRecord+Private.h */ = {isa = PBXFileReference; fileEncoding = 4; lastKnownFileType = sourcecode.c.h; path = "DBSetRecord+Private.h"; sourceTree = "<group>"; };
		65BAE70119A6C7100035F775 /* DBSetRecord.h */ = {isa = PBXFileReference; fileEncoding = 4; lastKnownFileType = sourcecode.c.h; path = DBSetRecord.h; sourceTree = "<group>"; };
		65BAE70219A6C7100035F775 /* DBSetRecord.mm */ = {isa = PBXFileReference; fileEncoding = 4; lastKnownFileType = sourcecode.cpp.objcpp; path = DBSetRecord.mm; sourceTree = "<group>"; };
		A2059B5E19DF7DBA006A2896 /* color.hpp */ = {isa = PBXFileReference; fileEncoding = 4; lastKnownFileType = sourcecode.cpp.h; path = color.hpp; sourceTree = "<group>"; };
		A2059B5F19DF7DDE006A2896 /* DBColor.h */ = {isa = PBXFileReference; fileEncoding = 4; lastKnownFileType = sourcecode.c.h; path = DBColor.h; sourceTree = "<group>"; };
		A2059B6019DF7DDE006A2896 /* DBColorTranslator.mm */ = {isa = PBXFileReference; fileEncoding = 4; lastKnownFileType = sourcecode.cpp.objcpp; path = DBColorTranslator.mm; sourceTree = "<group>"; };
		A2059B6119DF7DDE006A2896 /* DBColorTranslator+Private.h */ = {isa = PBXFileReference; fileEncoding = 4; lastKnownFileType = sourcecode.c.h; path = "DBColorTranslator+Private.h"; sourceTree = "<group>"; };
		A227B6A71A0D79F10003BBAC /* assorted_integers.cpp */ = {isa = PBXFileReference; fileEncoding = 4; lastKnownFileType = sourcecode.cpp.cpp; path = assorted_integers.cpp; sourceTree = "<group>"; };
		A227B6A81A0D79F10003BBAC /* assorted_integers.hpp */ = {isa = PBXFileReference; fileEncoding = 4; lastKnownFileType = sourcecode.cpp.h; path = assorted_integers.hpp; sourceTree = "<group>"; };
		A227B6AA1A0D7A290003BBAC /* DBAssortedIntegers.h */ = {isa = PBXFileReference; fileEncoding = 4; lastKnownFileType = sourcecode.c.h; path = DBAssortedIntegers.h; sourceTree = "<group>"; };
		A227B6AB1A0D7A290003BBAC /* DBAssortedIntegers.mm */ = {isa = PBXFileReference; fileEncoding = 4; lastKnownFileType = sourcecode.cpp.objcpp; path = DBAssortedIntegers.mm; sourceTree = "<group>"; };
		A227B6AC1A0D7A290003BBAC /* DBAssortedIntegers+Private.h */ = {isa = PBXFileReference; fileEncoding = 4; lastKnownFileType = sourcecode.c.h; path = "DBAssortedIntegers+Private.h"; sourceTree = "<group>"; };
		A278D44C19BA33CB006FD937 /* DBTestHelpers.h */ = {isa = PBXFileReference; fileEncoding = 4; lastKnownFileType = sourcecode.c.h; path = DBTestHelpers.h; sourceTree = "<group>"; };
		A278D44D19BA33CB006FD937 /* DBTestHelpersCppProxy.h */ = {isa = PBXFileReference; fileEncoding = 4; lastKnownFileType = sourcecode.c.h; path = DBTestHelpersCppProxy.h; sourceTree = "<group>"; };
		A278D44E19BA33CB006FD937 /* DBTestHelpersCppProxy.mm */ = {isa = PBXFileReference; fileEncoding = 4; lastKnownFileType = sourcecode.cpp.objcpp; path = DBTestHelpersCppProxy.mm; sourceTree = "<group>"; };
		A278D44F19BA33CB006FD937 /* DBTestHelpersCppProxy+Private.h */ = {isa = PBXFileReference; fileEncoding = 4; lastKnownFileType = sourcecode.c.h; path = "DBTestHelpersCppProxy+Private.h"; sourceTree = "<group>"; };
		A278D45119BA3428006FD937 /* test_helpers.hpp */ = {isa = PBXFileReference; fileEncoding = 4; lastKnownFileType = sourcecode.cpp.h; path = test_helpers.hpp; sourceTree = "<group>"; };
		A278D45219BA3601006FD937 /* test_helpers.cpp */ = {isa = PBXFileReference; fileEncoding = 4; lastKnownFileType = sourcecode.cpp.cpp; path = test_helpers.cpp; sourceTree = "<group>"; };
		A2CB54B319BA6E6000A9E600 /* DJIError.mm */ = {isa = PBXFileReference; fileEncoding = 4; lastKnownFileType = sourcecode.cpp.objcpp; path = DJIError.mm; sourceTree = "<group>"; };
/* End PBXFileReference section */

/* Begin PBXFrameworksBuildPhase section */
		65868B471989FE4200D60EEE /* Frameworks */ = {
			isa = PBXFrameworksBuildPhase;
			buildActionMask = 2147483647;
			files = (
				65868B4E1989FE4200D60EEE /* Foundation.framework in Frameworks */,
			);
			runOnlyForDeploymentPostprocessing = 0;
		};
		65868B571989FE4200D60EEE /* Frameworks */ = {
			isa = PBXFrameworksBuildPhase;
			buildActionMask = 2147483647;
			files = (
				65868B5C1989FE4200D60EEE /* XCTest.framework in Frameworks */,
				65868B5F1989FE4200D60EEE /* UIKit.framework in Frameworks */,
				65868B621989FE4200D60EEE /* libDjinniObjcTest.a in Frameworks */,
				65868B5D1989FE4200D60EEE /* Foundation.framework in Frameworks */,
			);
			runOnlyForDeploymentPostprocessing = 0;
		};
/* End PBXFrameworksBuildPhase section */

/* Begin PBXGroup section */
		6536CD6919A6C82200DD7715 /* objc-support-lib */ = {
			isa = PBXGroup;
			children = (
				A2CB54B319BA6E6000A9E600 /* DJIError.mm */,
				6536CD6A19A6C82200DD7715 /* DJIError.h */,
				6536CD6B19A6C82200DD7715 /* DJIWeakPtrWrapper+Private.h */,
				6536CD6C19A6C82200DD7715 /* DJIWeakPtrWrapper.mm */,
				6536CD6D19A6C82200DD7715 /* DJICppWrapperCache+Private.h */,
				6536CD6E19A6C82200DD7715 /* DJIObjcWrapperCache+Private.h */,
			);
			name = "objc-support-lib";
			path = "../../support-lib/objc";
			sourceTree = "<group>";
		};
		6536CD7019A6C96C00DD7715 /* handwritten-objc */ = {
			isa = PBXGroup;
			children = (
				6536CD7119A6C96C00DD7715 /* DBClientInterfaceImpl.h */,
				6536CD7219A6C96C00DD7715 /* DBClientInterfaceImpl.mm */,
			);
			name = "handwritten-objc";
			path = "../handwritten-src/objc/impl";
			sourceTree = "<group>";
		};
		6536CD7519A6C98800DD7715 /* handwritten-cpp */ = {
			isa = PBXGroup;
			children = (
				A278D45219BA3601006FD937 /* test_helpers.cpp */,
				6536CD7619A6C98800DD7715 /* cpp_exception_impl.cpp */,
				6536CD7719A6C98800DD7715 /* cpp_exception_impl.hpp */,
			);
			name = "handwritten-cpp";
			path = "../handwritten-src/cpp";
			sourceTree = "<group>";
		};
		6536CD7919A6C99800DD7715 /* Tests */ = {
			isa = PBXGroup;
			children = (
				6536CD7A19A6C99800DD7715 /* DBClientInterfaceTests.mm */,
				6536CD7B19A6C99800DD7715 /* DBCppExceptionTests.mm */,
				6536CD7C19A6C99800DD7715 /* DBMapRecordTests.mm */,
				6536CD7D19A6C99800DD7715 /* DBNestedCollectionTests.mm */,
				6536CD7E19A6C99800DD7715 /* DBPrimitiveListTests.mm */,
				6536CD7F19A6C99800DD7715 /* DBRecordWithDerivingsCppTests.mm */,
				6536CD8019A6C99800DD7715 /* DBRecordWithDerivingsObjcTests.mm */,
				6536CD8119A6C99800DD7715 /* DBSetRecordTests.mm */,
				6536CD8219A6C99800DD7715 /* InfoPlist.strings */,
				6536CD8419A6C99800DD7715 /* DjinniObjcTestTests-Info.plist */,
			);
			name = Tests;
			path = "../handwritten-src/objc/tests";
			sourceTree = "<group>";
		};
		65868B411989FE4200D60EEE = {
			isa = PBXGroup;
			children = (
				6536CD7919A6C99800DD7715 /* Tests */,
				6536CD7519A6C98800DD7715 /* handwritten-cpp */,
				6536CD7019A6C96C00DD7715 /* handwritten-objc */,
				6536CD6919A6C82200DD7715 /* objc-support-lib */,
				65BAE6D619A6C7100035F775 /* generated-cpp */,
				65BAE6E319A6C7100035F775 /* generated-objc */,
				65868B4C1989FE4200D60EEE /* Frameworks */,
				65868B4B1989FE4200D60EEE /* Products */,
			);
			sourceTree = "<group>";
		};
		65868B4B1989FE4200D60EEE /* Products */ = {
			isa = PBXGroup;
			children = (
				65868B4A1989FE4200D60EEE /* libDjinniObjcTest.a */,
				65868B5A1989FE4200D60EEE /* DjinniObjcTestTests.xctest */,
			);
			name = Products;
			sourceTree = "<group>";
		};
		65868B4C1989FE4200D60EEE /* Frameworks */ = {
			isa = PBXGroup;
			children = (
				65868B4D1989FE4200D60EEE /* Foundation.framework */,
				65868B5B1989FE4200D60EEE /* XCTest.framework */,
				65868B5E1989FE4200D60EEE /* UIKit.framework */,
			);
			name = Frameworks;
			sourceTree = "<group>";
		};
		65BAE6D619A6C7100035F775 /* generated-cpp */ = {
			isa = PBXGroup;
			children = (
				A227B6A71A0D79F10003BBAC /* assorted_integers.cpp */,
				A227B6A81A0D79F10003BBAC /* assorted_integers.hpp */,
				A2059B5E19DF7DBA006A2896 /* color.hpp */,
				A278D45119BA3428006FD937 /* test_helpers.hpp */,
				65BAE6D719A6C7100035F775 /* client_interface.hpp */,
				65BAE6D819A6C7100035F775 /* client_returned_record.hpp */,
				65BAE6D919A6C7100035F775 /* cpp_exception.hpp */,
				65BAE6DA19A6C7100035F775 /* map_list_record.hpp */,
				65BAE6DB19A6C7100035F775 /* map_record.hpp */,
				65BAE6DC19A6C7100035F775 /* nested_collection.hpp */,
				65BAE6DD19A6C7100035F775 /* primitive_list.hpp */,
				65BAE6DE19A6C7100035F775 /* record_with_derivings.cpp */,
				65BAE6DF19A6C7100035F775 /* record_with_derivings.hpp */,
				65BAE6E019A6C7100035F775 /* record_with_nested_derivings.cpp */,
				65BAE6E119A6C7100035F775 /* record_with_nested_derivings.hpp */,
				65BAE6E219A6C7100035F775 /* set_record.hpp */,
			);
			name = "generated-cpp";
			path = "../djinni-output-temp/cpp";
			sourceTree = "<group>";
		};
		65BAE6E319A6C7100035F775 /* generated-objc */ = {
			isa = PBXGroup;
			children = (
				A227B6AA1A0D7A290003BBAC /* DBAssortedIntegers.h */,
				A227B6AB1A0D7A290003BBAC /* DBAssortedIntegers.mm */,
				A227B6AC1A0D7A290003BBAC /* DBAssortedIntegers+Private.h */,
				A2059B5F19DF7DDE006A2896 /* DBColor.h */,
				A2059B6019DF7DDE006A2896 /* DBColorTranslator.mm */,
				A2059B6119DF7DDE006A2896 /* DBColorTranslator+Private.h */,
				A278D44C19BA33CB006FD937 /* DBTestHelpers.h */,
				A278D44D19BA33CB006FD937 /* DBTestHelpersCppProxy.h */,
				A278D44E19BA33CB006FD937 /* DBTestHelpersCppProxy.mm */,
				A278D44F19BA33CB006FD937 /* DBTestHelpersCppProxy+Private.h */,
				65BAE6E419A6C7100035F775 /* DBClientInterface.h */,
				65BAE6E519A6C7100035F775 /* DBClientInterfaceObjcProxy+Private.h */,
				65BAE6E619A6C7100035F775 /* DBClientInterfaceObjcProxy.mm */,
				65BAE6E719A6C7100035F775 /* DBClientReturnedRecord+Private.h */,
				65BAE6E819A6C7100035F775 /* DBClientReturnedRecord.h */,
				65BAE6E919A6C7100035F775 /* DBClientReturnedRecord.mm */,
				65BAE6EA19A6C7100035F775 /* DBCppException.h */,
				65BAE6EB19A6C7100035F775 /* DBCppExceptionCppProxy+Private.h */,
				65BAE6EC19A6C7100035F775 /* DBCppExceptionCppProxy.h */,
				65BAE6ED19A6C7100035F775 /* DBCppExceptionCppProxy.mm */,
				65BAE6EE19A6C7100035F775 /* DBMapListRecord+Private.h */,
				65BAE6EF19A6C7100035F775 /* DBMapListRecord.h */,
				65BAE6F019A6C7100035F775 /* DBMapListRecord.mm */,
				65BAE6F119A6C7100035F775 /* DBMapRecord+Private.h */,
				65BAE6F219A6C7100035F775 /* DBMapRecord.h */,
				65BAE6F319A6C7100035F775 /* DBMapRecord.mm */,
				65BAE6F419A6C7100035F775 /* DBNestedCollection+Private.h */,
				65BAE6F519A6C7100035F775 /* DBNestedCollection.h */,
				65BAE6F619A6C7100035F775 /* DBNestedCollection.mm */,
				65BAE6F719A6C7100035F775 /* DBPrimitiveList+Private.h */,
				65BAE6F819A6C7100035F775 /* DBPrimitiveList.h */,
				65BAE6F919A6C7100035F775 /* DBPrimitiveList.mm */,
				65BAE6FA19A6C7100035F775 /* DBRecordWithDerivings+Private.h */,
				65BAE6FB19A6C7100035F775 /* DBRecordWithDerivings.h */,
				65BAE6FC19A6C7100035F775 /* DBRecordWithDerivings.mm */,
				65BAE6FD19A6C7100035F775 /* DBRecordWithNestedDerivings+Private.h */,
				65BAE6FE19A6C7100035F775 /* DBRecordWithNestedDerivings.h */,
				65BAE6FF19A6C7100035F775 /* DBRecordWithNestedDerivings.mm */,
				65BAE70019A6C7100035F775 /* DBSetRecord+Private.h */,
				65BAE70119A6C7100035F775 /* DBSetRecord.h */,
				65BAE70219A6C7100035F775 /* DBSetRecord.mm */,
			);
			name = "generated-objc";
			path = "../djinni-output-temp/objc";
			sourceTree = "<group>";
		};
/* End PBXGroup section */

/* Begin PBXNativeTarget section */
		65868B491989FE4200D60EEE /* DjinniObjcTest */ = {
			isa = PBXNativeTarget;
			buildConfigurationList = 65868B6D1989FE4200D60EEE /* Build configuration list for PBXNativeTarget "DjinniObjcTest" */;
			buildPhases = (
				65868B461989FE4200D60EEE /* Sources */,
				65868B471989FE4200D60EEE /* Frameworks */,
				65868B481989FE4200D60EEE /* CopyFiles */,
			);
			buildRules = (
			);
			dependencies = (
			);
			name = DjinniObjcTest;
			productName = DjinniObjcTest;
			productReference = 65868B4A1989FE4200D60EEE /* libDjinniObjcTest.a */;
			productType = "com.apple.product-type.library.static";
		};
		65868B591989FE4200D60EEE /* DjinniObjcTestTests */ = {
			isa = PBXNativeTarget;
			buildConfigurationList = 65868B701989FE4200D60EEE /* Build configuration list for PBXNativeTarget "DjinniObjcTestTests" */;
			buildPhases = (
				65868B561989FE4200D60EEE /* Sources */,
				65868B571989FE4200D60EEE /* Frameworks */,
				65868B581989FE4200D60EEE /* Resources */,
			);
			buildRules = (
			);
			dependencies = (
				65868B611989FE4200D60EEE /* PBXTargetDependency */,
			);
			name = DjinniObjcTestTests;
			productName = DjinniObjcTestTests;
			productReference = 65868B5A1989FE4200D60EEE /* DjinniObjcTestTests.xctest */;
			productType = "com.apple.product-type.bundle.unit-test";
		};
/* End PBXNativeTarget section */

/* Begin PBXProject section */
		65868B421989FE4200D60EEE /* Project object */ = {
			isa = PBXProject;
			attributes = {
				CLASSPREFIX = "";
				LastUpgradeCheck = 0510;
				ORGANIZATIONNAME = "Dropbox, Inc";
			};
			buildConfigurationList = 65868B451989FE4200D60EEE /* Build configuration list for PBXProject "DjinniObjcTest" */;
			compatibilityVersion = "Xcode 3.2";
			developmentRegion = English;
			hasScannedForEncodings = 0;
			knownRegions = (
				en,
			);
			mainGroup = 65868B411989FE4200D60EEE;
			productRefGroup = 65868B4B1989FE4200D60EEE /* Products */;
			projectDirPath = "";
			projectRoot = "";
			targets = (
				65868B491989FE4200D60EEE /* DjinniObjcTest */,
				65868B591989FE4200D60EEE /* DjinniObjcTestTests */,
			);
		};
/* End PBXProject section */

/* Begin PBXResourcesBuildPhase section */
		65868B581989FE4200D60EEE /* Resources */ = {
			isa = PBXResourcesBuildPhase;
			buildActionMask = 2147483647;
			files = (
			);
			runOnlyForDeploymentPostprocessing = 0;
		};
/* End PBXResourcesBuildPhase section */

/* Begin PBXSourcesBuildPhase section */
		65868B461989FE4200D60EEE /* Sources */ = {
			isa = PBXSourcesBuildPhase;
			buildActionMask = 2147483647;
			files = (
				65BAE70B19A6C7100035F775 /* DBPrimitiveList.mm in Sources */,
				6536CD6F19A6C82200DD7715 /* DJIWeakPtrWrapper.mm in Sources */,
				65BAE70819A6C7100035F775 /* DBMapListRecord.mm in Sources */,
				65BAE70919A6C7100035F775 /* DBMapRecord.mm in Sources */,
				A278D45319BA3601006FD937 /* test_helpers.cpp in Sources */,
				65BAE70C19A6C7100035F775 /* DBRecordWithDerivings.mm in Sources */,
				6536CD7819A6C98800DD7715 /* cpp_exception_impl.cpp in Sources */,
				65BAE70319A6C7100035F775 /* record_with_derivings.cpp in Sources */,
				6536CD7419A6C96C00DD7715 /* DBClientInterfaceImpl.mm in Sources */,
				65BAE70A19A6C7100035F775 /* DBNestedCollection.mm in Sources */,
				65BAE70E19A6C7100035F775 /* DBSetRecord.mm in Sources */,
				A2059B6219DF7DDE006A2896 /* DBColorTranslator.mm in Sources */,
				65BAE70D19A6C7100035F775 /* DBRecordWithNestedDerivings.mm in Sources */,
				65BAE70619A6C7100035F775 /* DBClientReturnedRecord.mm in Sources */,
				65BAE70719A6C7100035F775 /* DBCppExceptionCppProxy.mm in Sources */,
				65BAE70419A6C7100035F775 /* record_with_nested_derivings.cpp in Sources */,
				A2CB54B419BA6E6000A9E600 /* DJIError.mm in Sources */,
				A278D45019BA33CB006FD937 /* DBTestHelpersCppProxy.mm in Sources */,
				A227B6AD1A0D7A290003BBAC /* DBAssortedIntegers.mm in Sources */,
				65BAE70519A6C7100035F775 /* DBClientInterfaceObjcProxy.mm in Sources */,
				A227B6A91A0D79F10003BBAC /* assorted_integers.cpp in Sources */,
			);
			runOnlyForDeploymentPostprocessing = 0;
		};
		65868B561989FE4200D60EEE /* Sources */ = {
			isa = PBXSourcesBuildPhase;
			buildActionMask = 2147483647;
			files = (
				6536CD9219A6C9A800DD7715 /* DBRecordWithDerivingsCppTests.mm in Sources */,
				6536CD9119A6C9A800DD7715 /* DBPrimitiveListTests.mm in Sources */,
				6536CD8D19A6C9A800DD7715 /* DBClientInterfaceTests.mm in Sources */,
				6536CD8E19A6C9A800DD7715 /* DBCppExceptionTests.mm in Sources */,
				6536CD9319A6C9A800DD7715 /* DBRecordWithDerivingsObjcTests.mm in Sources */,
				6536CD9019A6C9A800DD7715 /* DBNestedCollectionTests.mm in Sources */,
				6536CD8F19A6C9A800DD7715 /* DBMapRecordTests.mm in Sources */,
				6536CD9419A6C9A800DD7715 /* DBSetRecordTests.mm in Sources */,
			);
			runOnlyForDeploymentPostprocessing = 0;
		};
/* End PBXSourcesBuildPhase section */

/* Begin PBXTargetDependency section */
		65868B611989FE4200D60EEE /* PBXTargetDependency */ = {
			isa = PBXTargetDependency;
			target = 65868B491989FE4200D60EEE /* DjinniObjcTest */;
			targetProxy = 65868B601989FE4200D60EEE /* PBXContainerItemProxy */;
		};
/* End PBXTargetDependency section */

/* Begin PBXVariantGroup section */
		6536CD8219A6C99800DD7715 /* InfoPlist.strings */ = {
			isa = PBXVariantGroup;
			children = (
				6536CD8319A6C99800DD7715 /* en */,
			);
			name = InfoPlist.strings;
			sourceTree = "<group>";
		};
/* End PBXVariantGroup section */

/* Begin XCBuildConfiguration section */
		65868B6B1989FE4200D60EEE /* Debug */ = {
			isa = XCBuildConfiguration;
			buildSettings = {
				ALWAYS_SEARCH_USER_PATHS = NO;
				CLANG_CXX_LANGUAGE_STANDARD = "gnu++0x";
				CLANG_CXX_LIBRARY = "libc++";
				CLANG_ENABLE_MODULES = YES;
				CLANG_ENABLE_OBJC_ARC = YES;
				CLANG_WARN_BOOL_CONVERSION = YES;
				CLANG_WARN_CONSTANT_CONVERSION = YES;
				CLANG_WARN_DIRECT_OBJC_ISA_USAGE = YES_ERROR;
				CLANG_WARN_EMPTY_BODY = YES;
				CLANG_WARN_ENUM_CONVERSION = YES;
				CLANG_WARN_INT_CONVERSION = YES;
				CLANG_WARN_OBJC_ROOT_CLASS = YES_ERROR;
				CLANG_WARN__DUPLICATE_METHOD_MATCH = YES;
				COPY_PHASE_STRIP = NO;
				GCC_C_LANGUAGE_STANDARD = gnu99;
				GCC_DYNAMIC_NO_PIC = NO;
				GCC_OPTIMIZATION_LEVEL = 0;
				GCC_PREPROCESSOR_DEFINITIONS = (
					"DEBUG=1",
					"$(inherited)",
				);
				GCC_SYMBOLS_PRIVATE_EXTERN = NO;
				GCC_WARN_64_TO_32_BIT_CONVERSION = YES;
				GCC_WARN_ABOUT_RETURN_TYPE = YES_ERROR;
				GCC_WARN_UNDECLARED_SELECTOR = YES;
				GCC_WARN_UNINITIALIZED_AUTOS = YES_AGGRESSIVE;
				GCC_WARN_UNUSED_FUNCTION = YES;
				GCC_WARN_UNUSED_VARIABLE = YES;
				HEADER_SEARCH_PATHS = (
					"$(inherited)",
					/Applications/Xcode.app/Contents/Developer/Toolchains/XcodeDefault.xctoolchain/usr/include,
					"$(SRCROOT)/DjinniObjcTest/objc",
					"$(SRCROOT)/DjinniObjcTest/cpp",
				);
				IPHONEOS_DEPLOYMENT_TARGET = 7.1;
				ONLY_ACTIVE_ARCH = YES;
				SDKROOT = iphoneos;
			};
			name = Debug;
		};
		65868B6C1989FE4200D60EEE /* Release */ = {
			isa = XCBuildConfiguration;
			buildSettings = {
				ALWAYS_SEARCH_USER_PATHS = NO;
				CLANG_CXX_LANGUAGE_STANDARD = "gnu++0x";
				CLANG_CXX_LIBRARY = "libc++";
				CLANG_ENABLE_MODULES = YES;
				CLANG_ENABLE_OBJC_ARC = YES;
				CLANG_WARN_BOOL_CONVERSION = YES;
				CLANG_WARN_CONSTANT_CONVERSION = YES;
				CLANG_WARN_DIRECT_OBJC_ISA_USAGE = YES_ERROR;
				CLANG_WARN_EMPTY_BODY = YES;
				CLANG_WARN_ENUM_CONVERSION = YES;
				CLANG_WARN_INT_CONVERSION = YES;
				CLANG_WARN_OBJC_ROOT_CLASS = YES_ERROR;
				CLANG_WARN__DUPLICATE_METHOD_MATCH = YES;
				COPY_PHASE_STRIP = YES;
				ENABLE_NS_ASSERTIONS = NO;
				GCC_C_LANGUAGE_STANDARD = gnu99;
				GCC_WARN_64_TO_32_BIT_CONVERSION = YES;
				GCC_WARN_ABOUT_RETURN_TYPE = YES_ERROR;
				GCC_WARN_UNDECLARED_SELECTOR = YES;
				GCC_WARN_UNINITIALIZED_AUTOS = YES_AGGRESSIVE;
				GCC_WARN_UNUSED_FUNCTION = YES;
				GCC_WARN_UNUSED_VARIABLE = YES;
				HEADER_SEARCH_PATHS = (
					"$(inherited)",
					/Applications/Xcode.app/Contents/Developer/Toolchains/XcodeDefault.xctoolchain/usr/include,
					"$(SRCROOT)/DjinniObjcTest/objc",
					"$(SRCROOT)/DjinniObjcTest/cpp",
				);
				IPHONEOS_DEPLOYMENT_TARGET = 7.1;
				SDKROOT = iphoneos;
				VALIDATE_PRODUCT = YES;
			};
			name = Release;
		};
		65868B6E1989FE4200D60EEE /* Debug */ = {
			isa = XCBuildConfiguration;
			buildSettings = {
				CLANG_CXX_LANGUAGE_STANDARD = "c++14";
				DSTROOT = /tmp/DjinniObjcTest.dst;
				GCC_PRECOMPILE_PREFIX_HEADER = NO;
				OTHER_CPLUSPLUSFLAGS = (
					"-std=c++1y",
					"$(OTHER_CFLAGS)",
				);
				OTHER_LDFLAGS = "-ObjC";
				PRODUCT_NAME = DjinniObjcTest;
				SKIP_INSTALL = YES;
				VERSIONING_SYSTEM = "";
			};
			name = Debug;
		};
		65868B6F1989FE4200D60EEE /* Release */ = {
			isa = XCBuildConfiguration;
			buildSettings = {
				CLANG_CXX_LANGUAGE_STANDARD = "c++14";
				DSTROOT = /tmp/DjinniObjcTest.dst;
				GCC_PRECOMPILE_PREFIX_HEADER = NO;
				OTHER_CPLUSPLUSFLAGS = (
					"-std=c++1y",
					"$(OTHER_CFLAGS)",
				);
				OTHER_LDFLAGS = "-ObjC";
				PRODUCT_NAME = DjinniObjcTest;
				SKIP_INSTALL = YES;
				VERSIONING_SYSTEM = "";
			};
			name = Release;
		};
		65868B711989FE4200D60EEE /* Debug */ = {
			isa = XCBuildConfiguration;
			buildSettings = {
				FRAMEWORK_SEARCH_PATHS = (
					"$(SDKROOT)/Developer/Library/Frameworks",
					"$(inherited)",
					"$(DEVELOPER_FRAMEWORKS_DIR)",
				);
				GCC_PRECOMPILE_PREFIX_HEADER = NO;
				GCC_PREFIX_HEADER = "";
				GCC_PREPROCESSOR_DEFINITIONS = (
					"DEBUG=1",
					"$(inherited)",
				);
				INFOPLIST_FILE = "../handwritten-src/objc/tests/DjinniObjcTestTests-Info.plist";
				PRODUCT_NAME = DjinniObjcTestTests;
				WRAPPER_EXTENSION = xctest;
			};
			name = Debug;
		};
		65868B721989FE4200D60EEE /* Release */ = {
			isa = XCBuildConfiguration;
			buildSettings = {
				FRAMEWORK_SEARCH_PATHS = (
					"$(SDKROOT)/Developer/Library/Frameworks",
					"$(inherited)",
					"$(DEVELOPER_FRAMEWORKS_DIR)",
				);
				GCC_PRECOMPILE_PREFIX_HEADER = NO;
				GCC_PREFIX_HEADER = "";
				INFOPLIST_FILE = "../handwritten-src/objc/tests/DjinniObjcTestTests-Info.plist";
				PRODUCT_NAME = DjinniObjcTestTests;
				WRAPPER_EXTENSION = xctest;
			};
			name = Release;
		};
/* End XCBuildConfiguration section */

/* Begin XCConfigurationList section */
		65868B451989FE4200D60EEE /* Build configuration list for PBXProject "DjinniObjcTest" */ = {
			isa = XCConfigurationList;
			buildConfigurations = (
				65868B6B1989FE4200D60EEE /* Debug */,
				65868B6C1989FE4200D60EEE /* Release */,
			);
			defaultConfigurationIsVisible = 0;
			defaultConfigurationName = Release;
		};
		65868B6D1989FE4200D60EEE /* Build configuration list for PBXNativeTarget "DjinniObjcTest" */ = {
			isa = XCConfigurationList;
			buildConfigurations = (
				65868B6E1989FE4200D60EEE /* Debug */,
				65868B6F1989FE4200D60EEE /* Release */,
			);
			defaultConfigurationIsVisible = 0;
			defaultConfigurationName = Release;
		};
		65868B701989FE4200D60EEE /* Build configuration list for PBXNativeTarget "DjinniObjcTestTests" */ = {
			isa = XCConfigurationList;
			buildConfigurations = (
				65868B711989FE4200D60EEE /* Debug */,
				65868B721989FE4200D60EEE /* Release */,
			);
			defaultConfigurationIsVisible = 0;
			defaultConfigurationName = Release;
		};
/* End XCConfigurationList section */
	};
	rootObject = 65868B421989FE4200D60EEE /* Project object */;
}
